// !$*UTF8*$!
{
	archiveVersion = 1;
	classes = {
	};
	objectVersion = 70;
	objects = {

/* Begin PBXBuildFile section */
		1A61FCC32D32DA9D00B95AF6 /* VariableBlur in Frameworks */ = {isa = PBXBuildFile; platformFilter = ios; productRef = 1A61FCC22D32DA9D00B95AF6 /* VariableBlur */; };
		1A9190602D69E7AA0053A846 /* Bike Watch.app in Embed Watch Content */ = {isa = PBXBuildFile; fileRef = 1A9190532D69E7A90053A846 /* Bike Watch.app */; platformFilter = ios; settings = {ATTRIBUTES = (RemoveHeadersOnCopy, ); }; };
		1A9190662D69E7EB0053A846 /* Bike in Frameworks */ = {isa = PBXBuildFile; productRef = 1A9190652D69E7EB0053A846 /* Bike */; };
		1A9A072A2C0768DE0013E68D /* Bike in Frameworks */ = {isa = PBXBuildFile; productRef = 1A9A07292C0768DE0013E68D /* Bike */; };
		1A9A072C2C0769360013E68D /* Bike in Frameworks */ = {isa = PBXBuildFile; productRef = 1A9A072B2C0769360013E68D /* Bike */; };
		1AC1A66B2D73C27800B2E47D /* WidgetKit.framework in Frameworks */ = {isa = PBXBuildFile; fileRef = 1ACF28672B543DA700020097 /* WidgetKit.framework */; };
		1AC1A66C2D73C27800B2E47D /* SwiftUI.framework in Frameworks */ = {isa = PBXBuildFile; fileRef = 1ACF28692B543DA700020097 /* SwiftUI.framework */; };
		1AC1A6752D73C27900B2E47D /* Bike Widget Watch.appex in Embed Foundation Extensions */ = {isa = PBXBuildFile; fileRef = 1AC1A66A2D73C27800B2E47D /* Bike Widget Watch.appex */; settings = {ATTRIBUTES = (RemoveHeadersOnCopy, ); }; };
		1AC1A6D22D73C84600B2E47D /* Bike in Frameworks */ = {isa = PBXBuildFile; productRef = 1AC1A6D12D73C84600B2E47D /* Bike */; };
		1ACF28682B543DA700020097 /* WidgetKit.framework in Frameworks */ = {isa = PBXBuildFile; fileRef = 1ACF28672B543DA700020097 /* WidgetKit.framework */; };
		1ACF286A2B543DA700020097 /* SwiftUI.framework in Frameworks */ = {isa = PBXBuildFile; fileRef = 1ACF28692B543DA700020097 /* SwiftUI.framework */; };
		1ACF28752B543DA900020097 /* Bike Widget Multiplatform.appex in Embed Foundation Extensions */ = {isa = PBXBuildFile; fileRef = 1ACF28652B543DA700020097 /* Bike Widget Multiplatform.appex */; platformFilters = (ios, macos, ); settings = {ATTRIBUTES = (RemoveHeadersOnCopy, ); }; };
/* End PBXBuildFile section */

/* Begin PBXContainerItemProxy section */
		1A91905E2D69E7AA0053A846 /* PBXContainerItemProxy */ = {
			isa = PBXContainerItemProxy;
			containerPortal = 1A6EAD152AD56B420043E524 /* Project object */;
			proxyType = 1;
			remoteGlobalIDString = 1A9190522D69E7A90053A846;
			remoteInfo = "BikeWatch Watch App";
		};
		1AC1A6732D73C27900B2E47D /* PBXContainerItemProxy */ = {
			isa = PBXContainerItemProxy;
			containerPortal = 1A6EAD152AD56B420043E524 /* Project object */;
			proxyType = 1;
			remoteGlobalIDString = 1AC1A6692D73C27800B2E47D;
			remoteInfo = "Bike Watch WidgetsExtension";
		};
		1ACF28732B543DA900020097 /* PBXContainerItemProxy */ = {
			isa = PBXContainerItemProxy;
			containerPortal = 1A6EAD152AD56B420043E524 /* Project object */;
			proxyType = 1;
			remoteGlobalIDString = 1ACF28642B543DA700020097;
			remoteInfo = BikeWidgetExtension;
		};
/* End PBXContainerItemProxy section */

/* Begin PBXCopyFilesBuildPhase section */
		1A9190612D69E7AA0053A846 /* Embed Watch Content */ = {
			isa = PBXCopyFilesBuildPhase;
			buildActionMask = 2147483647;
			dstPath = "$(CONTENTS_FOLDER_PATH)/Watch";
			dstSubfolderSpec = 16;
			files = (
				1A9190602D69E7AA0053A846 /* Bike Watch.app in Embed Watch Content */,
			);
			name = "Embed Watch Content";
			runOnlyForDeploymentPostprocessing = 0;
		};
		1AC1A67A2D73C27900B2E47D /* Embed Foundation Extensions */ = {
			isa = PBXCopyFilesBuildPhase;
			buildActionMask = 2147483647;
			dstPath = "";
			dstSubfolderSpec = 13;
			files = (
				1AC1A6752D73C27900B2E47D /* Bike Widget Watch.appex in Embed Foundation Extensions */,
			);
			name = "Embed Foundation Extensions";
			runOnlyForDeploymentPostprocessing = 0;
		};
		1ACF28762B543DA900020097 /* Embed Foundation Extensions */ = {
			isa = PBXCopyFilesBuildPhase;
			buildActionMask = 2147483647;
			dstPath = "";
			dstSubfolderSpec = 13;
			files = (
				1ACF28752B543DA900020097 /* Bike Widget Multiplatform.appex in Embed Foundation Extensions */,
			);
			name = "Embed Foundation Extensions";
			runOnlyForDeploymentPostprocessing = 0;
		};
/* End PBXCopyFilesBuildPhase section */

/* Begin PBXFileReference section */
		1A2F63A22DD0A2080067BB2B /* Bike.xcconfig */ = {isa = PBXFileReference; lastKnownFileType = text.xcconfig; path = Bike.xcconfig; sourceTree = "<group>"; };
		1A6EAD1D2AD56B420043E524 /* Bike Multiplatform.app */ = {isa = PBXFileReference; explicitFileType = wrapper.application; includeInIndex = 0; path = "Bike Multiplatform.app"; sourceTree = BUILT_PRODUCTS_DIR; };
		1A9190532D69E7A90053A846 /* Bike Watch.app */ = {isa = PBXFileReference; explicitFileType = wrapper.application; includeInIndex = 0; path = "Bike Watch.app"; sourceTree = BUILT_PRODUCTS_DIR; };
		1A9A07282C0768C40013E68D /* Bike */ = {isa = PBXFileReference; lastKnownFileType = wrapper; path = Bike; sourceTree = "<group>"; };
		1AC1A66A2D73C27800B2E47D /* Bike Widget Watch.appex */ = {isa = PBXFileReference; explicitFileType = "wrapper.app-extension"; includeInIndex = 0; path = "Bike Widget Watch.appex"; sourceTree = BUILT_PRODUCTS_DIR; };
		1ACF28652B543DA700020097 /* Bike Widget Multiplatform.appex */ = {isa = PBXFileReference; explicitFileType = "wrapper.app-extension"; includeInIndex = 0; path = "Bike Widget Multiplatform.appex"; sourceTree = BUILT_PRODUCTS_DIR; };
		1ACF28672B543DA700020097 /* WidgetKit.framework */ = {isa = PBXFileReference; lastKnownFileType = wrapper.framework; name = WidgetKit.framework; path = System/Library/Frameworks/WidgetKit.framework; sourceTree = SDKROOT; };
		1ACF28692B543DA700020097 /* SwiftUI.framework */ = {isa = PBXFileReference; lastKnownFileType = wrapper.framework; name = SwiftUI.framework; path = System/Library/Frameworks/SwiftUI.framework; sourceTree = SDKROOT; };
/* End PBXFileReference section */

/* Begin PBXFileSystemSynchronizedBuildFileExceptionSet section */
		1AC1A6812D73C28E00B2E47D /* PBXFileSystemSynchronizedBuildFileExceptionSet */ = {
			isa = PBXFileSystemSynchronizedBuildFileExceptionSet;
			membershipExceptions = (
				"Shared/Bike Battery/BikeBatteryWidget.swift",
				"Shared/Bike Battery/BikeBatteryWidgetAccessoryCircularView.swift",
				"Shared/Bike Battery/BikeBatteryWidgetAccessoryCornerView.swift",
				"Shared/Bike Battery/BikeBatteryWidgetAccessoryInlineView.swift",
				"Shared/Bike Battery/BikeBatteryWidgetAccessoryRectangularView.swift",
				"Shared/Bike Battery/BikeBatteryWidgetPreviewContent.swift",
				"Shared/Bike Battery/BikeBatteryWidgetSystemView.swift",
				"Shared/Bike Battery/BikeBatteryWidgetView.swift",
				Shared/Localizable.xcstrings,
				Watch/Assets.xcassets,
				"Watch/Bike Battery/BikeBatteryWidgetWatch.swift",
			);
			target = 1AC1A6692D73C27800B2E47D /* Bike Widget Watch */;
		};
		1AC1A76F2D7503D100B2E47D /* PBXFileSystemSynchronizedBuildFileExceptionSet */ = {
			isa = PBXFileSystemSynchronizedBuildFileExceptionSet;
			membershipExceptions = (
				Multiplatform/App/BikeApp.swift,
				Multiplatform/Assets.xcassets,
				"Multiplatform/Bike Map/AnimatableSafeAreaPadding.swift",
				"Multiplatform/Bike Map/AsyncBikeMap.swift",
				"Multiplatform/Bike Map/Bike Details/BikeDetails.swift",
				"Multiplatform/Bike Map/Bike Details/BikeDetailsView.swift",
				"Multiplatform/Bike Map/Bike Details/CardView.swift",
				"Multiplatform/Bike Map/Bike Details/FittedPresentationDetentModifier.swift",
				"Multiplatform/Bike Map/Bike Details/MaterialButtonStyle.swift",
				"Multiplatform/Bike Map/Bike Details/OnHeightChangeModifier.swift",
				"Multiplatform/Bike Map/Bike Details/RideRow.swift",
				"Multiplatform/Bike Map/Bike Details/RidesCardView.swift",
				"Multiplatform/Bike Map/Bike Details/StatsCardView.swift",
				"Multiplatform/Bike Map/BikeMap.swift",
				"Multiplatform/Bike Map/BlurredStatusBarBackground.swift",
				"Multiplatform/Bike Map/CustomMapControls.swift",
				"Multiplatform/Bike Map/MapBikeLocationButton.swift",
				"Multiplatform/Bike Map/MapControlButtonStyle.swift",
				"Multiplatform/Bike Map/MapStyleButton.swift",
				"Multiplatform/Bike Map/PlatformInitializable.swift",
				"Multiplatform/Bike Map/Rides/AsyncRideThumbnail.swift",
				"Multiplatform/Bike Map/Rides/Ride List/AsyncRideList.swift",
				"Multiplatform/Bike Map/Rides/Ride List/RideList.swift",
				"Multiplatform/Bike Map/Rides/Ride View/AsyncRideView.swift",
				"Multiplatform/Bike Map/Rides/Ride View/ColorExtensions.swift",
				"Multiplatform/Bike Map/Rides/Ride View/RideDetailsView.swift",
				"Multiplatform/Bike Map/Rides/Ride View/RideMap.swift",
				"Multiplatform/Bike Map/Rides/Ride View/RideView.swift",
				"Multiplatform/Bike Map/Rides/RideThumbnail.swift",
				"Multiplatform/Bike Map/Rides/RideThumbnailGenerator.swift",
				"Multiplatform/Bike Map/Rides/RideThumbnailView.swift",
				"Multiplatform/Bike Map/Screen.swift",
				"Multiplatform/Bike Map/SelectablePinAnnotation.swift",
				"Multiplatform/Bike Map/Stats/AsyncStatsView.swift",
				"Multiplatform/Bike Map/Stats/StatsCategory.swift",
				"Multiplatform/Bike Map/Stats/StatsChart.swift",
				"Multiplatform/Bike Map/Stats/StatsChartData.swift",
				"Multiplatform/Bike Map/Stats/StatsView.swift",
				Multiplatform/Localizable.xcstrings,
				Multiplatform/Login/SignInView.swift,
				"Multiplatform/Preview Content/Preview Assets.xcassets",
				Multiplatform/Utils/Background.swift,
				Multiplatform/Utils/DismissButton.swift,
				Multiplatform/Utils/SheetPreview.swift,
			);
			target = 1A6EAD1C2AD56B420043E524 /* Bike Multiplatform */;
		};
		1AC1A7702D7503D100B2E47D /* PBXFileSystemSynchronizedBuildFileExceptionSet */ = {
			isa = PBXFileSystemSynchronizedBuildFileExceptionSet;
			membershipExceptions = (
				Multiplatform/App/BikeApp.swift,
				Multiplatform/Assets.xcassets,
				"Multiplatform/Bike Map/AnimatableSafeAreaPadding.swift",
				"Multiplatform/Bike Map/AsyncBikeMap.swift",
				"Multiplatform/Bike Map/Bike Details/BikeDetails.swift",
				"Multiplatform/Bike Map/Bike Details/BikeDetailsView.swift",
				"Multiplatform/Bike Map/Bike Details/CardView.swift",
				"Multiplatform/Bike Map/Bike Details/FittedPresentationDetentModifier.swift",
				"Multiplatform/Bike Map/Bike Details/MaterialButtonStyle.swift",
				"Multiplatform/Bike Map/Bike Details/OnHeightChangeModifier.swift",
				"Multiplatform/Bike Map/Bike Details/RideRow.swift",
				"Multiplatform/Bike Map/Bike Details/RidesCardView.swift",
				"Multiplatform/Bike Map/Bike Details/StatsCardView.swift",
				"Multiplatform/Bike Map/BikeMap.swift",
				"Multiplatform/Bike Map/BlurredStatusBarBackground.swift",
				"Multiplatform/Bike Map/CustomMapControls.swift",
				"Multiplatform/Bike Map/MapBikeLocationButton.swift",
				"Multiplatform/Bike Map/MapControlButtonStyle.swift",
				"Multiplatform/Bike Map/MapStyleButton.swift",
				"Multiplatform/Bike Map/PlatformInitializable.swift",
				"Multiplatform/Bike Map/Rides/AsyncRideThumbnail.swift",
				"Multiplatform/Bike Map/Rides/Ride List/AsyncRideList.swift",
				"Multiplatform/Bike Map/Rides/Ride List/RideList.swift",
				"Multiplatform/Bike Map/Rides/Ride View/AsyncRideView.swift",
				"Multiplatform/Bike Map/Rides/Ride View/ColorExtensions.swift",
				"Multiplatform/Bike Map/Rides/Ride View/RideDetailsView.swift",
				"Multiplatform/Bike Map/Rides/Ride View/RideMap.swift",
				"Multiplatform/Bike Map/Rides/Ride View/RideView.swift",
				"Multiplatform/Bike Map/Rides/RideThumbnail.swift",
				"Multiplatform/Bike Map/Rides/RideThumbnailGenerator.swift",
				"Multiplatform/Bike Map/Rides/RideThumbnailView.swift",
				"Multiplatform/Bike Map/Screen.swift",
				"Multiplatform/Bike Map/SelectablePinAnnotation.swift",
				"Multiplatform/Bike Map/Stats/AsyncStatsView.swift",
				"Multiplatform/Bike Map/Stats/StatsCategory.swift",
				"Multiplatform/Bike Map/Stats/StatsChart.swift",
				"Multiplatform/Bike Map/Stats/StatsChartData.swift",
				"Multiplatform/Bike Map/Stats/StatsView.swift",
				"Multiplatform/Bike-Multiplatform-Info.plist",
				Multiplatform/Localizable.xcstrings,
				Multiplatform/Login/SignInView.swift,
				"Multiplatform/Preview Content/Preview Assets.xcassets",
				Multiplatform/Utils/Background.swift,
				Multiplatform/Utils/DismissButton.swift,
				Multiplatform/Utils/SheetPreview.swift,
			);
			target = 1A9190522D69E7A90053A846 /* Bike Watch */;
		};
		1AE4D5D82CA8681600BA8BB4 /* PBXFileSystemSynchronizedBuildFileExceptionSet */ = {
			isa = PBXFileSystemSynchronizedBuildFileExceptionSet;
			membershipExceptions = (
				Multiplatform/Info.plist,
				Watch/Assets.xcassets,
				"Watch/Bike Battery/BikeBatteryWidgetWatch.swift",
				Watch/Info.plist,
			);
			target = 1ACF28642B543DA700020097 /* Bike Widget Multiplatform */;
		};
/* End PBXFileSystemSynchronizedBuildFileExceptionSet section */

/* Begin PBXFileSystemSynchronizedRootGroup section */
		1AC1A70A2D7503C100B2E47D /* Apps */ = {isa = PBXFileSystemSynchronizedRootGroup; exceptions = (1AC1A76F2D7503D100B2E47D /* PBXFileSystemSynchronizedBuildFileExceptionSet */, 1AC1A7702D7503D100B2E47D /* PBXFileSystemSynchronizedBuildFileExceptionSet */, ); explicitFileTypes = {}; explicitFolders = (); path = Apps; sourceTree = "<group>"; };
		1AE4D5C92CA8681600BA8BB4 /* Widgets */ = {isa = PBXFileSystemSynchronizedRootGroup; exceptions = (1AE4D5D82CA8681600BA8BB4 /* PBXFileSystemSynchronizedBuildFileExceptionSet */, 1AC1A6812D73C28E00B2E47D /* PBXFileSystemSynchronizedBuildFileExceptionSet */, ); explicitFileTypes = {}; explicitFolders = (); path = Widgets; sourceTree = "<group>"; };
/* End PBXFileSystemSynchronizedRootGroup section */

/* Begin PBXFrameworksBuildPhase section */
		1A6EAD1A2AD56B420043E524 /* Frameworks */ = {
			isa = PBXFrameworksBuildPhase;
			buildActionMask = 2147483647;
			files = (
				1A9A072A2C0768DE0013E68D /* Bike in Frameworks */,
				1A61FCC32D32DA9D00B95AF6 /* VariableBlur in Frameworks */,
			);
			runOnlyForDeploymentPostprocessing = 0;
		};
		1A9190502D69E7A90053A846 /* Frameworks */ = {
			isa = PBXFrameworksBuildPhase;
			buildActionMask = 2147483647;
			files = (
				1A9190662D69E7EB0053A846 /* Bike in Frameworks */,
			);
			runOnlyForDeploymentPostprocessing = 0;
		};
		1AC1A6672D73C27800B2E47D /* Frameworks */ = {
			isa = PBXFrameworksBuildPhase;
			buildActionMask = 2147483647;
			files = (
				1AC1A6D22D73C84600B2E47D /* Bike in Frameworks */,
				1AC1A66C2D73C27800B2E47D /* SwiftUI.framework in Frameworks */,
				1AC1A66B2D73C27800B2E47D /* WidgetKit.framework in Frameworks */,
			);
			runOnlyForDeploymentPostprocessing = 0;
		};
		1ACF28622B543DA700020097 /* Frameworks */ = {
			isa = PBXFrameworksBuildPhase;
			buildActionMask = 2147483647;
			files = (
				1A9A072C2C0769360013E68D /* Bike in Frameworks */,
				1ACF286A2B543DA700020097 /* SwiftUI.framework in Frameworks */,
				1ACF28682B543DA700020097 /* WidgetKit.framework in Frameworks */,
			);
			runOnlyForDeploymentPostprocessing = 0;
		};
/* End PBXFrameworksBuildPhase section */

/* Begin PBXGroup section */
		1A6EAD142AD56B420043E524 = {
			isa = PBXGroup;
			children = (
				1A2F63A22DD0A2080067BB2B /* Bike.xcconfig */,
				1A9A07282C0768C40013E68D /* Bike */,
				1AC1A70A2D7503C100B2E47D /* Apps */,
				1AE4D5C92CA8681600BA8BB4 /* Widgets */,
				1ACF28662B543DA700020097 /* Frameworks */,
				1A6EAD1E2AD56B420043E524 /* Products */,
			);
			sourceTree = "<group>";
		};
		1A6EAD1E2AD56B420043E524 /* Products */ = {
			isa = PBXGroup;
			children = (
				1A6EAD1D2AD56B420043E524 /* Bike Multiplatform.app */,
				1ACF28652B543DA700020097 /* Bike Widget Multiplatform.appex */,
				1A9190532D69E7A90053A846 /* Bike Watch.app */,
				1AC1A66A2D73C27800B2E47D /* Bike Widget Watch.appex */,
			);
			name = Products;
			sourceTree = "<group>";
		};
		1ACF28662B543DA700020097 /* Frameworks */ = {
			isa = PBXGroup;
			children = (
				1ACF28672B543DA700020097 /* WidgetKit.framework */,
				1ACF28692B543DA700020097 /* SwiftUI.framework */,
			);
			name = Frameworks;
			sourceTree = "<group>";
		};
/* End PBXGroup section */

/* Begin PBXNativeTarget section */
		1A6EAD1C2AD56B420043E524 /* Bike Multiplatform */ = {
			isa = PBXNativeTarget;
			buildConfigurationList = 1A6EAD2C2AD56B430043E524 /* Build configuration list for PBXNativeTarget "Bike Multiplatform" */;
			buildPhases = (
				1A6EAD192AD56B420043E524 /* Sources */,
				1A6EAD1A2AD56B420043E524 /* Frameworks */,
				1A6EAD1B2AD56B420043E524 /* Resources */,
				1ACF28762B543DA900020097 /* Embed Foundation Extensions */,
				1A9190612D69E7AA0053A846 /* Embed Watch Content */,
			);
			buildRules = (
			);
			dependencies = (
				1ACF28742B543DA900020097 /* PBXTargetDependency */,
				1A91905F2D69E7AA0053A846 /* PBXTargetDependency */,
			);
			name = "Bike Multiplatform";
			packageProductDependencies = (
				1A9A07292C0768DE0013E68D /* Bike */,
				1A61FCC22D32DA9D00B95AF6 /* VariableBlur */,
			);
			productName = Decathlon;
			productReference = 1A6EAD1D2AD56B420043E524 /* Bike Multiplatform.app */;
			productType = "com.apple.product-type.application";
		};
		1A9190522D69E7A90053A846 /* Bike Watch */ = {
			isa = PBXNativeTarget;
			buildConfigurationList = 1A9190642D69E7AA0053A846 /* Build configuration list for PBXNativeTarget "Bike Watch" */;
			buildPhases = (
				1A91904F2D69E7A90053A846 /* Sources */,
				1A9190502D69E7A90053A846 /* Frameworks */,
				1A9190512D69E7A90053A846 /* Resources */,
				1AC1A67A2D73C27900B2E47D /* Embed Foundation Extensions */,
			);
			buildRules = (
			);
			dependencies = (
				1AC1A6742D73C27900B2E47D /* PBXTargetDependency */,
			);
			fileSystemSynchronizedGroups = (
				1AC1A70A2D7503C100B2E47D /* Apps */,
			);
			name = "Bike Watch";
			packageProductDependencies = (
				1A9190652D69E7EB0053A846 /* Bike */,
			);
			productName = "BikeWatch Watch App";
			productReference = 1A9190532D69E7A90053A846 /* Bike Watch.app */;
			productType = "com.apple.product-type.application";
		};
		1AC1A6692D73C27800B2E47D /* Bike Widget Watch */ = {
			isa = PBXNativeTarget;
			buildConfigurationList = 1AC1A6772D73C27900B2E47D /* Build configuration list for PBXNativeTarget "Bike Widget Watch" */;
			buildPhases = (
				1AC1A6662D73C27800B2E47D /* Sources */,
				1AC1A6672D73C27800B2E47D /* Frameworks */,
				1AC1A6682D73C27800B2E47D /* Resources */,
			);
			buildRules = (
			);
			dependencies = (
			);
			name = "Bike Widget Watch";
			packageProductDependencies = (
				1AC1A6D12D73C84600B2E47D /* Bike */,
			);
			productName = "Bike Watch WidgetsExtension";
			productReference = 1AC1A66A2D73C27800B2E47D /* Bike Widget Watch.appex */;
			productType = "com.apple.product-type.app-extension";
		};
		1ACF28642B543DA700020097 /* Bike Widget Multiplatform */ = {
			isa = PBXNativeTarget;
			buildConfigurationList = 1ACF28792B543DA900020097 /* Build configuration list for PBXNativeTarget "Bike Widget Multiplatform" */;
			buildPhases = (
				1ACF28612B543DA700020097 /* Sources */,
				1ACF28622B543DA700020097 /* Frameworks */,
				1ACF28632B543DA700020097 /* Resources */,
			);
			buildRules = (
			);
			dependencies = (
			);
			fileSystemSynchronizedGroups = (
				1AE4D5C92CA8681600BA8BB4 /* Widgets */,
			);
			name = "Bike Widget Multiplatform";
			packageProductDependencies = (
				1A9A072B2C0769360013E68D /* Bike */,
			);
			productName = BikeWidgetExtension;
			productReference = 1ACF28652B543DA700020097 /* Bike Widget Multiplatform.appex */;
			productType = "com.apple.product-type.app-extension";
		};
/* End PBXNativeTarget section */

/* Begin PBXProject section */
		1A6EAD152AD56B420043E524 /* Project object */ = {
			isa = PBXProject;
			attributes = {
				BuildIndependentTargetsInParallel = 1;
				LastSwiftUpdateCheck = 1620;
				LastUpgradeCheck = 1600;
				TargetAttributes = {
					1A6EAD1C2AD56B420043E524 = {
						CreatedOnToolsVersion = 15.1;
					};
					1A9190522D69E7A90053A846 = {
						CreatedOnToolsVersion = 16.2;
					};
					1AC1A6692D73C27800B2E47D = {
						CreatedOnToolsVersion = 16.2;
					};
					1ACF28642B543DA700020097 = {
						CreatedOnToolsVersion = 15.2;
					};
				};
			};
			buildConfigurationList = 1A6EAD182AD56B420043E524 /* Build configuration list for PBXProject "Bike" */;
			compatibilityVersion = "Xcode 14.0";
			developmentRegion = en;
			hasScannedForEncodings = 0;
			knownRegions = (
				en,
				Base,
				fr,
			);
			mainGroup = 1A6EAD142AD56B420043E524;
			packageReferences = (
				1A61FCC12D32DA9D00B95AF6 /* XCRemoteSwiftPackageReference "VariableBlur" */,
				1AC1A7092D74FE9500B2E47D /* XCRemoteSwiftPackageReference "SwiftFormat" */,
			);
			productRefGroup = 1A6EAD1E2AD56B420043E524 /* Products */;
			projectDirPath = "";
			projectRoot = "";
			targets = (
				1A6EAD1C2AD56B420043E524 /* Bike Multiplatform */,
				1A9190522D69E7A90053A846 /* Bike Watch */,
				1ACF28642B543DA700020097 /* Bike Widget Multiplatform */,
				1AC1A6692D73C27800B2E47D /* Bike Widget Watch */,
			);
		};
/* End PBXProject section */

/* Begin PBXResourcesBuildPhase section */
		1A6EAD1B2AD56B420043E524 /* Resources */ = {
			isa = PBXResourcesBuildPhase;
			buildActionMask = 2147483647;
			files = (
			);
			runOnlyForDeploymentPostprocessing = 0;
		};
		1A9190512D69E7A90053A846 /* Resources */ = {
			isa = PBXResourcesBuildPhase;
			buildActionMask = 2147483647;
			files = (
			);
			runOnlyForDeploymentPostprocessing = 0;
		};
		1AC1A6682D73C27800B2E47D /* Resources */ = {
			isa = PBXResourcesBuildPhase;
			buildActionMask = 2147483647;
			files = (
			);
			runOnlyForDeploymentPostprocessing = 0;
		};
		1ACF28632B543DA700020097 /* Resources */ = {
			isa = PBXResourcesBuildPhase;
			buildActionMask = 2147483647;
			files = (
			);
			runOnlyForDeploymentPostprocessing = 0;
		};
/* End PBXResourcesBuildPhase section */

/* Begin PBXSourcesBuildPhase section */
		1A6EAD192AD56B420043E524 /* Sources */ = {
			isa = PBXSourcesBuildPhase;
			buildActionMask = 2147483647;
			files = (
			);
			runOnlyForDeploymentPostprocessing = 0;
		};
		1A91904F2D69E7A90053A846 /* Sources */ = {
			isa = PBXSourcesBuildPhase;
			buildActionMask = 2147483647;
			files = (
			);
			runOnlyForDeploymentPostprocessing = 0;
		};
		1AC1A6662D73C27800B2E47D /* Sources */ = {
			isa = PBXSourcesBuildPhase;
			buildActionMask = 2147483647;
			files = (
			);
			runOnlyForDeploymentPostprocessing = 0;
		};
		1ACF28612B543DA700020097 /* Sources */ = {
			isa = PBXSourcesBuildPhase;
			buildActionMask = 2147483647;
			files = (
			);
			runOnlyForDeploymentPostprocessing = 0;
		};
/* End PBXSourcesBuildPhase section */

/* Begin PBXTargetDependency section */
		1A91905F2D69E7AA0053A846 /* PBXTargetDependency */ = {
			isa = PBXTargetDependency;
			platformFilter = ios;
			target = 1A9190522D69E7A90053A846 /* Bike Watch */;
			targetProxy = 1A91905E2D69E7AA0053A846 /* PBXContainerItemProxy */;
		};
		1AC1A6742D73C27900B2E47D /* PBXTargetDependency */ = {
			isa = PBXTargetDependency;
			target = 1AC1A6692D73C27800B2E47D /* Bike Widget Watch */;
			targetProxy = 1AC1A6732D73C27900B2E47D /* PBXContainerItemProxy */;
		};
		1ACF28742B543DA900020097 /* PBXTargetDependency */ = {
			isa = PBXTargetDependency;
			platformFilters = (
				ios,
				macos,
			);
			target = 1ACF28642B543DA700020097 /* Bike Widget Multiplatform */;
			targetProxy = 1ACF28732B543DA900020097 /* PBXContainerItemProxy */;
		};
/* End PBXTargetDependency section */

/* Begin XCBuildConfiguration section */
		1A6EAD2A2AD56B430043E524 /* Debug */ = {
			isa = XCBuildConfiguration;
			baseConfigurationReference = 1A2F63A22DD0A2080067BB2B /* Bike.xcconfig */;
			buildSettings = {
				ALWAYS_SEARCH_USER_PATHS = NO;
				ASSETCATALOG_COMPILER_GENERATE_SWIFT_ASSET_SYMBOL_EXTENSIONS = YES;
				CLANG_ANALYZER_LOCALIZABILITY_NONLOCALIZED = YES;
				CLANG_ANALYZER_NONNULL = YES;
				CLANG_ANALYZER_NUMBER_OBJECT_CONVERSION = YES_AGGRESSIVE;
				CLANG_CXX_LANGUAGE_STANDARD = "gnu++20";
				CLANG_ENABLE_MODULES = YES;
				CLANG_ENABLE_OBJC_ARC = YES;
				CLANG_ENABLE_OBJC_WEAK = YES;
				CLANG_WARN_BLOCK_CAPTURE_AUTORELEASING = YES;
				CLANG_WARN_BOOL_CONVERSION = YES;
				CLANG_WARN_COMMA = YES;
				CLANG_WARN_CONSTANT_CONVERSION = YES;
				CLANG_WARN_DEPRECATED_OBJC_IMPLEMENTATIONS = YES;
				CLANG_WARN_DIRECT_OBJC_ISA_USAGE = YES_ERROR;
				CLANG_WARN_DOCUMENTATION_COMMENTS = YES;
				CLANG_WARN_EMPTY_BODY = YES;
				CLANG_WARN_ENUM_CONVERSION = YES;
				CLANG_WARN_INFINITE_RECURSION = YES;
				CLANG_WARN_INT_CONVERSION = YES;
				CLANG_WARN_NON_LITERAL_NULL_CONVERSION = YES;
				CLANG_WARN_OBJC_IMPLICIT_RETAIN_SELF = YES;
				CLANG_WARN_OBJC_LITERAL_CONVERSION = YES;
				CLANG_WARN_OBJC_ROOT_CLASS = YES_ERROR;
				CLANG_WARN_QUOTED_INCLUDE_IN_FRAMEWORK_HEADER = YES;
				CLANG_WARN_RANGE_LOOP_ANALYSIS = YES;
				CLANG_WARN_STRICT_PROTOTYPES = YES;
				CLANG_WARN_SUSPICIOUS_MOVE = YES;
				CLANG_WARN_UNGUARDED_AVAILABILITY = YES_AGGRESSIVE;
				CLANG_WARN_UNREACHABLE_CODE = YES;
				CLANG_WARN__DUPLICATE_METHOD_MATCH = YES;
				COPY_PHASE_STRIP = NO;
				DEAD_CODE_STRIPPING = YES;
				DEBUG_INFORMATION_FORMAT = dwarf;
				DEVELOPMENT_TEAM = 5PPY38J7P4;
				ENABLE_STRICT_OBJC_MSGSEND = YES;
				ENABLE_TESTABILITY = YES;
				ENABLE_USER_SCRIPT_SANDBOXING = YES;
				GCC_C_LANGUAGE_STANDARD = gnu17;
				GCC_DYNAMIC_NO_PIC = NO;
				GCC_NO_COMMON_BLOCKS = YES;
				GCC_OPTIMIZATION_LEVEL = 0;
				GCC_PREPROCESSOR_DEFINITIONS = (
					"DEBUG=1",
					"$(inherited)",
				);
				GCC_WARN_64_TO_32_BIT_CONVERSION = YES;
				GCC_WARN_ABOUT_RETURN_TYPE = YES_ERROR;
				GCC_WARN_UNDECLARED_SELECTOR = YES;
				GCC_WARN_UNINITIALIZED_AUTOS = YES_AGGRESSIVE;
				GCC_WARN_UNUSED_FUNCTION = YES;
				GCC_WARN_UNUSED_VARIABLE = YES;
				IPHONEOS_DEPLOYMENT_TARGET = 18.0;
				LOCALIZATION_PREFERS_STRING_CATALOGS = YES;
				MTL_ENABLE_DEBUG_INFO = INCLUDE_SOURCE;
				MTL_FAST_MATH = YES;
				ONLY_ACTIVE_ARCH = YES;
				SWIFT_ACTIVE_COMPILATION_CONDITIONS = "DEBUG $(inherited)";
				SWIFT_EMIT_LOC_STRINGS = YES;
				SWIFT_OPTIMIZATION_LEVEL = "-Onone";
				SWIFT_STRICT_CONCURRENCY = complete;
				SWIFT_VERSION = 6.0;
			};
			name = Debug;
		};
		1A6EAD2B2AD56B430043E524 /* Release */ = {
			isa = XCBuildConfiguration;
			baseConfigurationReference = 1A2F63A22DD0A2080067BB2B /* Bike.xcconfig */;
			buildSettings = {
				ALWAYS_SEARCH_USER_PATHS = NO;
				ASSETCATALOG_COMPILER_GENERATE_SWIFT_ASSET_SYMBOL_EXTENSIONS = YES;
				CLANG_ANALYZER_LOCALIZABILITY_NONLOCALIZED = YES;
				CLANG_ANALYZER_NONNULL = YES;
				CLANG_ANALYZER_NUMBER_OBJECT_CONVERSION = YES_AGGRESSIVE;
				CLANG_CXX_LANGUAGE_STANDARD = "gnu++20";
				CLANG_ENABLE_MODULES = YES;
				CLANG_ENABLE_OBJC_ARC = YES;
				CLANG_ENABLE_OBJC_WEAK = YES;
				CLANG_WARN_BLOCK_CAPTURE_AUTORELEASING = YES;
				CLANG_WARN_BOOL_CONVERSION = YES;
				CLANG_WARN_COMMA = YES;
				CLANG_WARN_CONSTANT_CONVERSION = YES;
				CLANG_WARN_DEPRECATED_OBJC_IMPLEMENTATIONS = YES;
				CLANG_WARN_DIRECT_OBJC_ISA_USAGE = YES_ERROR;
				CLANG_WARN_DOCUMENTATION_COMMENTS = YES;
				CLANG_WARN_EMPTY_BODY = YES;
				CLANG_WARN_ENUM_CONVERSION = YES;
				CLANG_WARN_INFINITE_RECURSION = YES;
				CLANG_WARN_INT_CONVERSION = YES;
				CLANG_WARN_NON_LITERAL_NULL_CONVERSION = YES;
				CLANG_WARN_OBJC_IMPLICIT_RETAIN_SELF = YES;
				CLANG_WARN_OBJC_LITERAL_CONVERSION = YES;
				CLANG_WARN_OBJC_ROOT_CLASS = YES_ERROR;
				CLANG_WARN_QUOTED_INCLUDE_IN_FRAMEWORK_HEADER = YES;
				CLANG_WARN_RANGE_LOOP_ANALYSIS = YES;
				CLANG_WARN_STRICT_PROTOTYPES = YES;
				CLANG_WARN_SUSPICIOUS_MOVE = YES;
				CLANG_WARN_UNGUARDED_AVAILABILITY = YES_AGGRESSIVE;
				CLANG_WARN_UNREACHABLE_CODE = YES;
				CLANG_WARN__DUPLICATE_METHOD_MATCH = YES;
				COPY_PHASE_STRIP = NO;
				DEAD_CODE_STRIPPING = YES;
				DEBUG_INFORMATION_FORMAT = "dwarf-with-dsym";
				DEVELOPMENT_TEAM = 5PPY38J7P4;
				ENABLE_NS_ASSERTIONS = NO;
				ENABLE_STRICT_OBJC_MSGSEND = YES;
				ENABLE_USER_SCRIPT_SANDBOXING = YES;
				GCC_C_LANGUAGE_STANDARD = gnu17;
				GCC_NO_COMMON_BLOCKS = YES;
				GCC_WARN_64_TO_32_BIT_CONVERSION = YES;
				GCC_WARN_ABOUT_RETURN_TYPE = YES_ERROR;
				GCC_WARN_UNDECLARED_SELECTOR = YES;
				GCC_WARN_UNINITIALIZED_AUTOS = YES_AGGRESSIVE;
				GCC_WARN_UNUSED_FUNCTION = YES;
				GCC_WARN_UNUSED_VARIABLE = YES;
				IPHONEOS_DEPLOYMENT_TARGET = 18.0;
				LOCALIZATION_PREFERS_STRING_CATALOGS = YES;
				MTL_ENABLE_DEBUG_INFO = NO;
				MTL_FAST_MATH = YES;
				SWIFT_COMPILATION_MODE = wholemodule;
				SWIFT_EMIT_LOC_STRINGS = YES;
				SWIFT_STRICT_CONCURRENCY = complete;
				SWIFT_VERSION = 6.0;
			};
			name = Release;
		};
		1A6EAD2D2AD56B430043E524 /* Debug */ = {
			isa = XCBuildConfiguration;
			buildSettings = {
				ASSETCATALOG_COMPILER_APPICON_NAME = AppIcon;
				"ASSETCATALOG_COMPILER_APPICON_NAME[sdk=appletv*]" = tvOS;
				ASSETCATALOG_COMPILER_GLOBAL_ACCENT_COLOR_NAME = AccentColor;
				CODE_SIGN_ENTITLEMENTS = Apps/Multiplatform/BikeApp.entitlements;
				CODE_SIGN_STYLE = Automatic;
				CURRENT_PROJECT_VERSION = 1;
				DEAD_CODE_STRIPPING = YES;
				DEVELOPMENT_ASSET_PATHS = "\"Apps/Multiplatform/Preview Content\"";
				ENABLE_HARDENED_RUNTIME = YES;
				ENABLE_PREVIEWS = YES;
				GENERATE_INFOPLIST_FILE = YES;
				INFOPLIST_FILE = "Apps/Multiplatform/Bike-Multiplatform-Info.plist";
				INFOPLIST_KEY_CFBundleDisplayName = Bike;
				INFOPLIST_KEY_NSLocationWhenInUseUsageDescription = "We need your location to show where you are on the map.";
				"INFOPLIST_KEY_UIApplicationSceneManifest_Generation[sdk=iphoneos*]" = YES;
				"INFOPLIST_KEY_UIApplicationSceneManifest_Generation[sdk=iphonesimulator*]" = YES;
				"INFOPLIST_KEY_UIApplicationSupportsIndirectInputEvents[sdk=iphoneos*]" = YES;
				"INFOPLIST_KEY_UIApplicationSupportsIndirectInputEvents[sdk=iphonesimulator*]" = YES;
				"INFOPLIST_KEY_UILaunchScreen_Generation[sdk=iphoneos*]" = YES;
				"INFOPLIST_KEY_UILaunchScreen_Generation[sdk=iphonesimulator*]" = YES;
				"INFOPLIST_KEY_UIStatusBarStyle[sdk=iphoneos*]" = UIStatusBarStyleDefault;
				"INFOPLIST_KEY_UIStatusBarStyle[sdk=iphonesimulator*]" = UIStatusBarStyleDefault;
				INFOPLIST_KEY_UISupportedInterfaceOrientations_iPad = "UIInterfaceOrientationPortrait UIInterfaceOrientationPortraitUpsideDown UIInterfaceOrientationLandscapeLeft UIInterfaceOrientationLandscapeRight";
				INFOPLIST_KEY_UISupportedInterfaceOrientations_iPhone = "";
				LD_RUNPATH_SEARCH_PATHS = "@executable_path/Frameworks";
				"LD_RUNPATH_SEARCH_PATHS[sdk=macosx*]" = "@executable_path/../Frameworks";
				MARKETING_VERSION = 1.0;
				PRODUCT_BUNDLE_IDENTIFIER = tech.conneq.decathlon;
				PRODUCT_NAME = "$(TARGET_NAME)";
				SDKROOT = auto;
				SUPPORTED_PLATFORMS = "appletvos appletvsimulator iphoneos iphonesimulator macosx xros xrsimulator";
				SUPPORTS_MACCATALYST = NO;
				SWIFT_EMIT_LOC_STRINGS = YES;
				TARGETED_DEVICE_FAMILY = "1,2,3,7";
			};
			name = Debug;
		};
		1A6EAD2E2AD56B430043E524 /* Release */ = {
			isa = XCBuildConfiguration;
			buildSettings = {
				ASSETCATALOG_COMPILER_APPICON_NAME = AppIcon;
				"ASSETCATALOG_COMPILER_APPICON_NAME[sdk=*]" = tvOS;
				ASSETCATALOG_COMPILER_GLOBAL_ACCENT_COLOR_NAME = AccentColor;
				CODE_SIGN_ENTITLEMENTS = Apps/Multiplatform/BikeApp.entitlements;
				CODE_SIGN_STYLE = Automatic;
				CURRENT_PROJECT_VERSION = 1;
				DEAD_CODE_STRIPPING = YES;
				DEVELOPMENT_ASSET_PATHS = "\"Apps/Multiplatform/Preview Content\"";
				ENABLE_HARDENED_RUNTIME = YES;
				ENABLE_PREVIEWS = YES;
				GENERATE_INFOPLIST_FILE = YES;
				INFOPLIST_FILE = "Apps/Multiplatform/Bike-Multiplatform-Info.plist";
				INFOPLIST_KEY_CFBundleDisplayName = Bike;
				INFOPLIST_KEY_NSLocationWhenInUseUsageDescription = "We need your location to show where you are on the map.";
				"INFOPLIST_KEY_UIApplicationSceneManifest_Generation[sdk=iphoneos*]" = YES;
				"INFOPLIST_KEY_UIApplicationSceneManifest_Generation[sdk=iphonesimulator*]" = YES;
				"INFOPLIST_KEY_UIApplicationSupportsIndirectInputEvents[sdk=iphoneos*]" = YES;
				"INFOPLIST_KEY_UIApplicationSupportsIndirectInputEvents[sdk=iphonesimulator*]" = YES;
				"INFOPLIST_KEY_UILaunchScreen_Generation[sdk=iphoneos*]" = YES;
				"INFOPLIST_KEY_UILaunchScreen_Generation[sdk=iphonesimulator*]" = YES;
				"INFOPLIST_KEY_UIStatusBarStyle[sdk=iphoneos*]" = UIStatusBarStyleDefault;
				"INFOPLIST_KEY_UIStatusBarStyle[sdk=iphonesimulator*]" = UIStatusBarStyleDefault;
				INFOPLIST_KEY_UISupportedInterfaceOrientations_iPad = "UIInterfaceOrientationPortrait UIInterfaceOrientationPortraitUpsideDown UIInterfaceOrientationLandscapeLeft UIInterfaceOrientationLandscapeRight";
				INFOPLIST_KEY_UISupportedInterfaceOrientations_iPhone = "";
				LD_RUNPATH_SEARCH_PATHS = "@executable_path/Frameworks";
				"LD_RUNPATH_SEARCH_PATHS[sdk=macosx*]" = "@executable_path/../Frameworks";
				MARKETING_VERSION = 1.0;
				PRODUCT_BUNDLE_IDENTIFIER = tech.conneq.decathlon;
				PRODUCT_NAME = "$(TARGET_NAME)";
				SDKROOT = auto;
				SUPPORTED_PLATFORMS = "appletvos appletvsimulator iphoneos iphonesimulator macosx xros xrsimulator";
				SUPPORTS_MACCATALYST = NO;
				SWIFT_EMIT_LOC_STRINGS = YES;
				TARGETED_DEVICE_FAMILY = "1,2,3,7";
			};
			name = Release;
		};
		1A9190622D69E7AA0053A846 /* Debug */ = {
			isa = XCBuildConfiguration;
			buildSettings = {
				ASSETCATALOG_COMPILER_APPICON_NAME = AppIcon;
				ASSETCATALOG_COMPILER_GLOBAL_ACCENT_COLOR_NAME = AccentColor;
				CODE_SIGN_ENTITLEMENTS = "Apps/Watch/Bike Watch App.entitlements";
				CODE_SIGN_STYLE = Automatic;
				CURRENT_PROJECT_VERSION = 1;
				DEVELOPMENT_ASSET_PATHS = "\"Apps/Watch/Preview Content\"";
				ENABLE_PREVIEWS = YES;
				GENERATE_INFOPLIST_FILE = YES;
				INFOPLIST_KEY_CFBundleDisplayName = Bike;
				INFOPLIST_KEY_UISupportedInterfaceOrientations = "UIInterfaceOrientationPortrait UIInterfaceOrientationPortraitUpsideDown";
				INFOPLIST_KEY_WKCompanionAppBundleIdentifier = tech.conneq.decathlon;
				LD_RUNPATH_SEARCH_PATHS = (
					"$(inherited)",
					"@executable_path/Frameworks",
				);
				MARKETING_VERSION = 1.0;
				PRODUCT_BUNDLE_IDENTIFIER = tech.conneq.decathlon.watchkitapp;
				PRODUCT_NAME = "$(TARGET_NAME)";
				SDKROOT = watchos;
				SKIP_INSTALL = YES;
				SWIFT_EMIT_LOC_STRINGS = YES;
				SWIFT_VERSION = 5.0;
				TARGETED_DEVICE_FAMILY = 4;
				WATCHOS_DEPLOYMENT_TARGET = 11.2;
			};
			name = Debug;
		};
		1A9190632D69E7AA0053A846 /* Release */ = {
			isa = XCBuildConfiguration;
			buildSettings = {
				ASSETCATALOG_COMPILER_APPICON_NAME = AppIcon;
				ASSETCATALOG_COMPILER_GLOBAL_ACCENT_COLOR_NAME = AccentColor;
				CODE_SIGN_ENTITLEMENTS = "Apps/Watch/Bike Watch App.entitlements";
				CODE_SIGN_STYLE = Automatic;
				CURRENT_PROJECT_VERSION = 1;
				DEVELOPMENT_ASSET_PATHS = "\"Apps/Watch/Preview Content\"";
				ENABLE_PREVIEWS = YES;
				GENERATE_INFOPLIST_FILE = YES;
				INFOPLIST_KEY_CFBundleDisplayName = Bike;
				INFOPLIST_KEY_UISupportedInterfaceOrientations = "UIInterfaceOrientationPortrait UIInterfaceOrientationPortraitUpsideDown";
				INFOPLIST_KEY_WKCompanionAppBundleIdentifier = tech.conneq.decathlon;
				LD_RUNPATH_SEARCH_PATHS = (
					"$(inherited)",
					"@executable_path/Frameworks",
				);
				MARKETING_VERSION = 1.0;
				PRODUCT_BUNDLE_IDENTIFIER = tech.conneq.decathlon.watchkitapp;
				PRODUCT_NAME = "$(TARGET_NAME)";
				SDKROOT = watchos;
				SKIP_INSTALL = YES;
				SWIFT_EMIT_LOC_STRINGS = YES;
				SWIFT_VERSION = 5.0;
				TARGETED_DEVICE_FAMILY = 4;
				VALIDATE_PRODUCT = YES;
				WATCHOS_DEPLOYMENT_TARGET = 11.2;
			};
			name = Release;
		};
		1AC1A6782D73C27900B2E47D /* Debug */ = {
			isa = XCBuildConfiguration;
			buildSettings = {
				ASSETCATALOG_COMPILER_GLOBAL_ACCENT_COLOR_NAME = AccentColor;
				ASSETCATALOG_COMPILER_WIDGET_BACKGROUND_COLOR_NAME = WidgetBackground;
				CODE_SIGN_ENTITLEMENTS = Widgets/Watch/BikeWatchWidgetsExtension.entitlements;
				CODE_SIGN_STYLE = Automatic;
				CURRENT_PROJECT_VERSION = 1;
				GENERATE_INFOPLIST_FILE = YES;
				INFOPLIST_FILE = Widgets/Watch/Info.plist;
				INFOPLIST_KEY_CFBundleDisplayName = Bike;
				INFOPLIST_KEY_NSHumanReadableCopyright = "";
				LD_RUNPATH_SEARCH_PATHS = (
					"$(inherited)",
					"@executable_path/Frameworks",
					"@executable_path/../../Frameworks",
					"@executable_path/../../../../Frameworks",
				);
				MARKETING_VERSION = 1.0;
				PRODUCT_BUNDLE_IDENTIFIER = tech.conneq.decathlon.watchkitapp.widget;
				PRODUCT_NAME = "$(TARGET_NAME)";
				SDKROOT = watchos;
				SKIP_INSTALL = YES;
				SWIFT_EMIT_LOC_STRINGS = YES;
				SWIFT_VERSION = 5.0;
				TARGETED_DEVICE_FAMILY = 4;
				WATCHOS_DEPLOYMENT_TARGET = 11.2;
			};
			name = Debug;
		};
		1AC1A6792D73C27900B2E47D /* Release */ = {
			isa = XCBuildConfiguration;
			buildSettings = {
				ASSETCATALOG_COMPILER_GLOBAL_ACCENT_COLOR_NAME = AccentColor;
				ASSETCATALOG_COMPILER_WIDGET_BACKGROUND_COLOR_NAME = WidgetBackground;
				CODE_SIGN_ENTITLEMENTS = Widgets/Watch/BikeWatchWidgetsExtension.entitlements;
				CODE_SIGN_STYLE = Automatic;
				CURRENT_PROJECT_VERSION = 1;
				GENERATE_INFOPLIST_FILE = YES;
				INFOPLIST_FILE = Widgets/Watch/Info.plist;
				INFOPLIST_KEY_CFBundleDisplayName = Bike;
				INFOPLIST_KEY_NSHumanReadableCopyright = "";
				LD_RUNPATH_SEARCH_PATHS = (
					"$(inherited)",
					"@executable_path/Frameworks",
					"@executable_path/../../Frameworks",
					"@executable_path/../../../../Frameworks",
				);
				MARKETING_VERSION = 1.0;
				PRODUCT_BUNDLE_IDENTIFIER = tech.conneq.decathlon.watchkitapp.widget;
				PRODUCT_NAME = "$(TARGET_NAME)";
				SDKROOT = watchos;
				SKIP_INSTALL = YES;
				SWIFT_EMIT_LOC_STRINGS = YES;
				SWIFT_VERSION = 5.0;
				TARGETED_DEVICE_FAMILY = 4;
				VALIDATE_PRODUCT = YES;
				WATCHOS_DEPLOYMENT_TARGET = 11.2;
			};
			name = Release;
		};
		1ACF28772B543DA900020097 /* Debug */ = {
			isa = XCBuildConfiguration;
			buildSettings = {
				ASSETCATALOG_COMPILER_GLOBAL_ACCENT_COLOR_NAME = AccentColor;
				ASSETCATALOG_COMPILER_WIDGET_BACKGROUND_COLOR_NAME = WidgetBackground;
				CODE_SIGN_ENTITLEMENTS = Widgets/Multiplatform/BikeWidgetExtension.entitlements;
				CODE_SIGN_IDENTITY = "Apple Development";
				CODE_SIGN_STYLE = Automatic;
				CURRENT_PROJECT_VERSION = 1;
				DEVELOPMENT_ASSET_PATHS = "Widgets/Multiplatform/Preview\\ Content";
				GENERATE_INFOPLIST_FILE = YES;
				INFOPLIST_FILE = Widgets/Multiplatform/Info.plist;
				INFOPLIST_KEY_CFBundleDisplayName = Bike;
				INFOPLIST_KEY_NSHumanReadableCopyright = "";
				LD_RUNPATH_SEARCH_PATHS = (
					"$(inherited)",
					"@executable_path/Frameworks",
					"@executable_path/../../Frameworks",
				);
				MARKETING_VERSION = 1.0;
				PRODUCT_BUNDLE_IDENTIFIER = tech.conneq.decathlon.widget;
				PRODUCT_NAME = "$(TARGET_NAME)";
				PROVISIONING_PROFILE_SPECIFIER = "";
				SDKROOT = iphoneos;
				SKIP_INSTALL = YES;
				SUPPORTED_PLATFORMS = "iphoneos iphonesimulator macosx";
				SUPPORTS_MACCATALYST = NO;
				SUPPORTS_MAC_DESIGNED_FOR_IPHONE_IPAD = NO;
				SUPPORTS_XR_DESIGNED_FOR_IPHONE_IPAD = NO;
				SWIFT_EMIT_LOC_STRINGS = YES;
				TARGETED_DEVICE_FAMILY = "1,2";
			};
			name = Debug;
		};
		1ACF28782B543DA900020097 /* Release */ = {
			isa = XCBuildConfiguration;
			buildSettings = {
				ASSETCATALOG_COMPILER_GLOBAL_ACCENT_COLOR_NAME = AccentColor;
				ASSETCATALOG_COMPILER_WIDGET_BACKGROUND_COLOR_NAME = WidgetBackground;
				CODE_SIGN_ENTITLEMENTS = Widgets/Multiplatform/BikeWidgetExtension.entitlements;
				CODE_SIGN_IDENTITY = "Apple Development";
				CODE_SIGN_STYLE = Automatic;
				CURRENT_PROJECT_VERSION = 1;
				DEVELOPMENT_ASSET_PATHS = "Widgets/Multiplatform/Preview\\ Content";
				GENERATE_INFOPLIST_FILE = YES;
				INFOPLIST_FILE = Widgets/Multiplatform/Info.plist;
				INFOPLIST_KEY_CFBundleDisplayName = Bike;
				INFOPLIST_KEY_NSHumanReadableCopyright = "";
				LD_RUNPATH_SEARCH_PATHS = (
					"$(inherited)",
					"@executable_path/Frameworks",
					"@executable_path/../../Frameworks",
				);
				MARKETING_VERSION = 1.0;
				PRODUCT_BUNDLE_IDENTIFIER = tech.conneq.decathlon.widget;
				PRODUCT_NAME = "$(TARGET_NAME)";
				PROVISIONING_PROFILE_SPECIFIER = "";
				SDKROOT = iphoneos;
				SKIP_INSTALL = YES;
				SUPPORTED_PLATFORMS = "iphoneos iphonesimulator macosx";
				SUPPORTS_MACCATALYST = NO;
				SUPPORTS_MAC_DESIGNED_FOR_IPHONE_IPAD = NO;
				SUPPORTS_XR_DESIGNED_FOR_IPHONE_IPAD = NO;
				SWIFT_EMIT_LOC_STRINGS = YES;
				TARGETED_DEVICE_FAMILY = "1,2";
				VALIDATE_PRODUCT = YES;
			};
			name = Release;
		};
/* End XCBuildConfiguration section */

/* Begin XCConfigurationList section */
		1A6EAD182AD56B420043E524 /* Build configuration list for PBXProject "Bike" */ = {
			isa = XCConfigurationList;
			buildConfigurations = (
				1A6EAD2A2AD56B430043E524 /* Debug */,
				1A6EAD2B2AD56B430043E524 /* Release */,
			);
			defaultConfigurationIsVisible = 0;
			defaultConfigurationName = Release;
		};
		1A6EAD2C2AD56B430043E524 /* Build configuration list for PBXNativeTarget "Bike Multiplatform" */ = {
			isa = XCConfigurationList;
			buildConfigurations = (
				1A6EAD2D2AD56B430043E524 /* Debug */,
				1A6EAD2E2AD56B430043E524 /* Release */,
			);
			defaultConfigurationIsVisible = 0;
			defaultConfigurationName = Release;
		};
		1A9190642D69E7AA0053A846 /* Build configuration list for PBXNativeTarget "Bike Watch" */ = {
			isa = XCConfigurationList;
			buildConfigurations = (
				1A9190622D69E7AA0053A846 /* Debug */,
				1A9190632D69E7AA0053A846 /* Release */,
			);
			defaultConfigurationIsVisible = 0;
			defaultConfigurationName = Release;
		};
		1AC1A6772D73C27900B2E47D /* Build configuration list for PBXNativeTarget "Bike Widget Watch" */ = {
			isa = XCConfigurationList;
			buildConfigurations = (
				1AC1A6782D73C27900B2E47D /* Debug */,
				1AC1A6792D73C27900B2E47D /* Release */,
			);
			defaultConfigurationIsVisible = 0;
			defaultConfigurationName = Release;
		};
		1ACF28792B543DA900020097 /* Build configuration list for PBXNativeTarget "Bike Widget Multiplatform" */ = {
			isa = XCConfigurationList;
			buildConfigurations = (
				1ACF28772B543DA900020097 /* Debug */,
				1ACF28782B543DA900020097 /* Release */,
			);
			defaultConfigurationIsVisible = 0;
			defaultConfigurationName = Release;
		};
/* End XCConfigurationList section */

/* Begin XCRemoteSwiftPackageReference section */
		1A61FCC12D32DA9D00B95AF6 /* XCRemoteSwiftPackageReference "VariableBlur" */ = {
			isa = XCRemoteSwiftPackageReference;
			repositoryURL = "https://github.com/nikstar/VariableBlur";
			requirement = {
				kind = upToNextMajorVersion;
				minimumVersion = 1.0.0;
			};
		};
		1AC1A7092D74FE9500B2E47D /* XCRemoteSwiftPackageReference "SwiftFormat" */ = {
			isa = XCRemoteSwiftPackageReference;
			repositoryURL = "https://github.com/nicklockwood/SwiftFormat";
			requirement = {
				kind = upToNextMajorVersion;
				minimumVersion = 0.55.5;
			};
		};
/* End XCRemoteSwiftPackageReference section */

/* Begin XCSwiftPackageProductDependency section */
		1A61FCC22D32DA9D00B95AF6 /* VariableBlur */ = {
			isa = XCSwiftPackageProductDependency;
			package = 1A61FCC12D32DA9D00B95AF6 /* XCRemoteSwiftPackageReference "VariableBlur" */;
			productName = VariableBlur;
		};
		1A9190652D69E7EB0053A846 /* Bike */ = {
			isa = XCSwiftPackageProductDependency;
			productName = Bike;
		};
		1A9A07292C0768DE0013E68D /* Bike */ = {
			isa = XCSwiftPackageProductDependency;
			productName = Bike;
		};
		1A9A072B2C0769360013E68D /* Bike */ = {
			isa = XCSwiftPackageProductDependency;
			productName = Bike;
		};
		1AC1A6D12D73C84600B2E47D /* Bike */ = {
			isa = XCSwiftPackageProductDependency;
			productName = Bike;
		};
/* End XCSwiftPackageProductDependency section */
	};
	rootObject = 1A6EAD152AD56B420043E524 /* Project object */;
}
