// !$*UTF8*$!
{
	archiveVersion = 1;
	classes = {
	};
	objectVersion = 56;
	objects = {

/* Begin PBXBuildFile section */
		1A1E487D2BE929D100BF8A46 /* BikeBatteryWidgetSystemView.swift in Sources */ = {isa = PBXBuildFile; fileRef = 1A1E487C2BE929D100BF8A46 /* BikeBatteryWidgetSystemView.swift */; };
		1A5C948A2ADAF12A00D8478D /* LoginView.swift in Sources */ = {isa = PBXBuildFile; fileRef = 1A5C94892ADAF12A00D8478D /* LoginView.swift */; };
		1A5C94962ADB0F4800D8478D /* PreviewContent.swift in Sources */ = {isa = PBXBuildFile; fileRef = 1A5C94952ADB0F4800D8478D /* PreviewContent.swift */; };
		1A5C94982ADB103900D8478D /* Bundle+Decode.swift in Sources */ = {isa = PBXBuildFile; fileRef = 1A5C94972ADB103900D8478D /* Bundle+Decode.swift */; };
		1A6EAD212AD56B420043E524 /* BikeApp.swift in Sources */ = {isa = PBXBuildFile; fileRef = 1A6EAD202AD56B420043E524 /* BikeApp.swift */; };
		1A6EAD292AD56B430043E524 /* Preview Assets.xcassets in Resources */ = {isa = PBXBuildFile; fileRef = 1A6EAD282AD56B430043E524 /* Preview Assets.xcassets */; };
		1A6F58232BD6ECFD00986C23 /* BikeLocationWidgetSystemView.swift in Sources */ = {isa = PBXBuildFile; fileRef = 1A6F58222BD6ECFD00986C23 /* BikeLocationWidgetSystemView.swift */; };
		1A6F58252BD6ED3900986C23 /* BikeBatteryWidgetCircularView.swift in Sources */ = {isa = PBXBuildFile; fileRef = 1A6F58242BD6ED3900986C23 /* BikeBatteryWidgetCircularView.swift */; };
		1A6F58272BD6FEF800986C23 /* BikeBatteryWidget.swift in Sources */ = {isa = PBXBuildFile; fileRef = 1A6F58262BD6FEF800986C23 /* BikeBatteryWidget.swift */; };
		1A6F582A2BD7056600986C23 /* BikeBatteryWidgetView.swift in Sources */ = {isa = PBXBuildFile; fileRef = 1A6F58292BD7056600986C23 /* BikeBatteryWidgetView.swift */; };
		1A6F582D2BD84AF300986C23 /* BikeBatteryWidgetInlineView.swift in Sources */ = {isa = PBXBuildFile; fileRef = 1A6F582C2BD84AF300986C23 /* BikeBatteryWidgetInlineView.swift */; };
		1A6F582F2BD84F1200986C23 /* BikeBatteryWidgetRectangularView.swift in Sources */ = {isa = PBXBuildFile; fileRef = 1A6F582E2BD84F1200986C23 /* BikeBatteryWidgetRectangularView.swift */; };
		1A6F58322BD8538700986C23 /* PreviewContent.swift in Sources */ = {isa = PBXBuildFile; fileRef = 1A6F58312BD8538700986C23 /* PreviewContent.swift */; };
		1A6F58342BD85B9800986C23 /* Preview Assets.xcassets in Resources */ = {isa = PBXBuildFile; fileRef = 1A6F58332BD85B0000986C23 /* Preview Assets.xcassets */; };
		1A751B442AE1AC100067F3EA /* BikeMap.swift in Sources */ = {isa = PBXBuildFile; fileRef = 1A751B432AE1AC100067F3EA /* BikeMap.swift */; };
		1A839B2B2C9AA04000379550 /* MapBikeLocationButton.swift in Sources */ = {isa = PBXBuildFile; fileRef = 1A839B2A2C9AA04000379550 /* MapBikeLocationButton.swift */; };
		1A9A072A2C0768DE0013E68D /* Bike in Frameworks */ = {isa = PBXBuildFile; productRef = 1A9A07292C0768DE0013E68D /* Bike */; };
		1A9A072C2C0769360013E68D /* Bike in Frameworks */ = {isa = PBXBuildFile; productRef = 1A9A072B2C0769360013E68D /* Bike */; };
		1A9B20AF2C879CBF005702E8 /* BikeDetailsView.swift in Sources */ = {isa = PBXBuildFile; fileRef = 1A9B20AE2C879CBF005702E8 /* BikeDetailsView.swift */; };
		1A9B20B12C87A3A2005702E8 /* SelectablePinAnnotation.swift in Sources */ = {isa = PBXBuildFile; fileRef = 1A9B20B02C87A3A2005702E8 /* SelectablePinAnnotation.swift */; };
		1ACF28682B543DA700020097 /* WidgetKit.framework in Frameworks */ = {isa = PBXBuildFile; fileRef = 1ACF28672B543DA700020097 /* WidgetKit.framework */; };
		1ACF286A2B543DA700020097 /* SwiftUI.framework in Frameworks */ = {isa = PBXBuildFile; fileRef = 1ACF28692B543DA700020097 /* SwiftUI.framework */; };
		1ACF286D2B543DA700020097 /* BikeWidgetBundle.swift in Sources */ = {isa = PBXBuildFile; fileRef = 1ACF286C2B543DA700020097 /* BikeWidgetBundle.swift */; };
		1ACF286F2B543DA700020097 /* BikeLocationWidget.swift in Sources */ = {isa = PBXBuildFile; fileRef = 1ACF286E2B543DA700020097 /* BikeLocationWidget.swift */; };
		1ACF28712B543DA900020097 /* Assets.xcassets in Resources */ = {isa = PBXBuildFile; fileRef = 1ACF28702B543DA900020097 /* Assets.xcassets */; };
		1ACF28752B543DA900020097 /* BikeWidgetExtension.appex in Embed Foundation Extensions */ = {isa = PBXBuildFile; fileRef = 1ACF28652B543DA700020097 /* BikeWidgetExtension.appex */; settings = {ATTRIBUTES = (RemoveHeadersOnCopy, ); }; };
		1ACF289A2B5584F900020097 /* Assets.xcassets in Resources */ = {isa = PBXBuildFile; fileRef = 1A6EAD242AD56B430043E524 /* Assets.xcassets */; };
		1ACF28B72B55913F00020097 /* BikeMarker.swift in Sources */ = {isa = PBXBuildFile; fileRef = 1ACF28952B5581E600020097 /* BikeMarker.swift */; };
		1ADBB9A92B4ABD14006965B7 /* AsyncContentView.swift in Sources */ = {isa = PBXBuildFile; fileRef = 1ADBB9A82B4ABD14006965B7 /* AsyncContentView.swift */; };
		1ADBB9AB2B4ABD32006965B7 /* AsyncBikeMap.swift in Sources */ = {isa = PBXBuildFile; fileRef = 1ADBB9AA2B4ABD32006965B7 /* AsyncBikeMap.swift */; };
		1AF497202ADBED97004DFAA4 /* Localizable.xcstrings in Resources */ = {isa = PBXBuildFile; fileRef = 1AF4971F2ADBED97004DFAA4 /* Localizable.xcstrings */; };
/* End PBXBuildFile section */

/* Begin PBXContainerItemProxy section */
		1ACF28732B543DA900020097 /* PBXContainerItemProxy */ = {
			isa = PBXContainerItemProxy;
			containerPortal = 1A6EAD152AD56B420043E524 /* Project object */;
			proxyType = 1;
			remoteGlobalIDString = 1ACF28642B543DA700020097;
			remoteInfo = BikeWidgetExtension;
		};
/* End PBXContainerItemProxy section */

/* Begin PBXCopyFilesBuildPhase section */
		1ACF28762B543DA900020097 /* Embed Foundation Extensions */ = {
			isa = PBXCopyFilesBuildPhase;
			buildActionMask = 2147483647;
			dstPath = "";
			dstSubfolderSpec = 13;
			files = (
				1ACF28752B543DA900020097 /* BikeWidgetExtension.appex in Embed Foundation Extensions */,
			);
			name = "Embed Foundation Extensions";
			runOnlyForDeploymentPostprocessing = 0;
		};
/* End PBXCopyFilesBuildPhase section */

/* Begin PBXFileReference section */
		1A1041942BD445C700523200 /* BikeWidgetExtension.entitlements */ = {isa = PBXFileReference; lastKnownFileType = text.plist.entitlements; path = BikeWidgetExtension.entitlements; sourceTree = "<group>"; };
		1A1E487C2BE929D100BF8A46 /* BikeBatteryWidgetSystemView.swift */ = {isa = PBXFileReference; lastKnownFileType = sourcecode.swift; path = BikeBatteryWidgetSystemView.swift; sourceTree = "<group>"; };
		1A5C94892ADAF12A00D8478D /* LoginView.swift */ = {isa = PBXFileReference; lastKnownFileType = sourcecode.swift; path = LoginView.swift; sourceTree = "<group>"; };
		1A5C94952ADB0F4800D8478D /* PreviewContent.swift */ = {isa = PBXFileReference; fileEncoding = 4; lastKnownFileType = sourcecode.swift; path = PreviewContent.swift; sourceTree = "<group>"; };
		1A5C94972ADB103900D8478D /* Bundle+Decode.swift */ = {isa = PBXFileReference; fileEncoding = 4; lastKnownFileType = sourcecode.swift; path = "Bundle+Decode.swift"; sourceTree = "<group>"; };
		1A6EAD1D2AD56B420043E524 /* BikeApp.app */ = {isa = PBXFileReference; explicitFileType = wrapper.application; includeInIndex = 0; path = BikeApp.app; sourceTree = BUILT_PRODUCTS_DIR; };
		1A6EAD202AD56B420043E524 /* BikeApp.swift */ = {isa = PBXFileReference; lastKnownFileType = sourcecode.swift; path = BikeApp.swift; sourceTree = "<group>"; };
		1A6EAD242AD56B430043E524 /* Assets.xcassets */ = {isa = PBXFileReference; lastKnownFileType = folder.assetcatalog; path = Assets.xcassets; sourceTree = "<group>"; };
		1A6EAD262AD56B430043E524 /* BikeApp.entitlements */ = {isa = PBXFileReference; lastKnownFileType = text.plist.entitlements; path = BikeApp.entitlements; sourceTree = "<group>"; };
		1A6EAD282AD56B430043E524 /* Preview Assets.xcassets */ = {isa = PBXFileReference; lastKnownFileType = folder.assetcatalog; path = "Preview Assets.xcassets"; sourceTree = "<group>"; };
		1A6F58222BD6ECFD00986C23 /* BikeLocationWidgetSystemView.swift */ = {isa = PBXFileReference; lastKnownFileType = sourcecode.swift; path = BikeLocationWidgetSystemView.swift; sourceTree = "<group>"; };
		1A6F58242BD6ED3900986C23 /* BikeBatteryWidgetCircularView.swift */ = {isa = PBXFileReference; lastKnownFileType = sourcecode.swift; path = BikeBatteryWidgetCircularView.swift; sourceTree = "<group>"; };
		1A6F58262BD6FEF800986C23 /* BikeBatteryWidget.swift */ = {isa = PBXFileReference; lastKnownFileType = sourcecode.swift; path = BikeBatteryWidget.swift; sourceTree = "<group>"; };
		1A6F58292BD7056600986C23 /* BikeBatteryWidgetView.swift */ = {isa = PBXFileReference; lastKnownFileType = sourcecode.swift; path = BikeBatteryWidgetView.swift; sourceTree = "<group>"; };
		1A6F582C2BD84AF300986C23 /* BikeBatteryWidgetInlineView.swift */ = {isa = PBXFileReference; lastKnownFileType = sourcecode.swift; path = BikeBatteryWidgetInlineView.swift; sourceTree = "<group>"; };
		1A6F582E2BD84F1200986C23 /* BikeBatteryWidgetRectangularView.swift */ = {isa = PBXFileReference; lastKnownFileType = sourcecode.swift; path = BikeBatteryWidgetRectangularView.swift; sourceTree = "<group>"; };
		1A6F58312BD8538700986C23 /* PreviewContent.swift */ = {isa = PBXFileReference; lastKnownFileType = sourcecode.swift; path = PreviewContent.swift; sourceTree = "<group>"; };
		1A6F58332BD85B0000986C23 /* Preview Assets.xcassets */ = {isa = PBXFileReference; lastKnownFileType = folder.assetcatalog; path = "Preview Assets.xcassets"; sourceTree = "<group>"; };
		1A751B432AE1AC100067F3EA /* BikeMap.swift */ = {isa = PBXFileReference; lastKnownFileType = sourcecode.swift; path = BikeMap.swift; sourceTree = "<group>"; };
		1A839B2A2C9AA04000379550 /* MapBikeLocationButton.swift */ = {isa = PBXFileReference; lastKnownFileType = sourcecode.swift; path = MapBikeLocationButton.swift; sourceTree = "<group>"; };
		1A9A07282C0768C40013E68D /* Bike */ = {isa = PBXFileReference; lastKnownFileType = wrapper; path = Bike; sourceTree = "<group>"; };
		1A9B20AE2C879CBF005702E8 /* BikeDetailsView.swift */ = {isa = PBXFileReference; lastKnownFileType = sourcecode.swift; path = BikeDetailsView.swift; sourceTree = "<group>"; };
		1A9B20B02C87A3A2005702E8 /* SelectablePinAnnotation.swift */ = {isa = PBXFileReference; lastKnownFileType = sourcecode.swift; path = SelectablePinAnnotation.swift; sourceTree = "<group>"; };
		1ACF28652B543DA700020097 /* BikeWidgetExtension.appex */ = {isa = PBXFileReference; explicitFileType = "wrapper.app-extension"; includeInIndex = 0; path = BikeWidgetExtension.appex; sourceTree = BUILT_PRODUCTS_DIR; };
		1ACF28672B543DA700020097 /* WidgetKit.framework */ = {isa = PBXFileReference; lastKnownFileType = wrapper.framework; name = WidgetKit.framework; path = System/Library/Frameworks/WidgetKit.framework; sourceTree = SDKROOT; };
		1ACF28692B543DA700020097 /* SwiftUI.framework */ = {isa = PBXFileReference; lastKnownFileType = wrapper.framework; name = SwiftUI.framework; path = System/Library/Frameworks/SwiftUI.framework; sourceTree = SDKROOT; };
		1ACF286C2B543DA700020097 /* BikeWidgetBundle.swift */ = {isa = PBXFileReference; lastKnownFileType = sourcecode.swift; path = BikeWidgetBundle.swift; sourceTree = "<group>"; };
		1ACF286E2B543DA700020097 /* BikeLocationWidget.swift */ = {isa = PBXFileReference; lastKnownFileType = sourcecode.swift; path = BikeLocationWidget.swift; sourceTree = "<group>"; };
		1ACF28702B543DA900020097 /* Assets.xcassets */ = {isa = PBXFileReference; lastKnownFileType = folder.assetcatalog; path = Assets.xcassets; sourceTree = "<group>"; };
		1ACF28722B543DA900020097 /* Info.plist */ = {isa = PBXFileReference; lastKnownFileType = text.plist.xml; path = Info.plist; sourceTree = "<group>"; };
		1ACF28952B5581E600020097 /* BikeMarker.swift */ = {isa = PBXFileReference; lastKnownFileType = sourcecode.swift; path = BikeMarker.swift; sourceTree = "<group>"; };
		1ADBB9A82B4ABD14006965B7 /* AsyncContentView.swift */ = {isa = PBXFileReference; fileEncoding = 4; lastKnownFileType = sourcecode.swift; path = AsyncContentView.swift; sourceTree = "<group>"; };
		1ADBB9AA2B4ABD32006965B7 /* AsyncBikeMap.swift */ = {isa = PBXFileReference; lastKnownFileType = sourcecode.swift; path = AsyncBikeMap.swift; sourceTree = "<group>"; };
		1AF4971F2ADBED97004DFAA4 /* Localizable.xcstrings */ = {isa = PBXFileReference; lastKnownFileType = text.json.xcstrings; path = Localizable.xcstrings; sourceTree = "<group>"; };
/* End PBXFileReference section */

/* Begin PBXFrameworksBuildPhase section */
		1A6EAD1A2AD56B420043E524 /* Frameworks */ = {
			isa = PBXFrameworksBuildPhase;
			buildActionMask = 2147483647;
			files = (
				1A9A072A2C0768DE0013E68D /* Bike in Frameworks */,
			);
			runOnlyForDeploymentPostprocessing = 0;
		};
		1ACF28622B543DA700020097 /* Frameworks */ = {
			isa = PBXFrameworksBuildPhase;
			buildActionMask = 2147483647;
			files = (
				1A9A072C2C0769360013E68D /* Bike in Frameworks */,
				1ACF286A2B543DA700020097 /* SwiftUI.framework in Frameworks */,
				1ACF28682B543DA700020097 /* WidgetKit.framework in Frameworks */,
			);
			runOnlyForDeploymentPostprocessing = 0;
		};
/* End PBXFrameworksBuildPhase section */

/* Begin PBXGroup section */
		1A6EAD142AD56B420043E524 = {
			isa = PBXGroup;
			children = (
				1A9A07282C0768C40013E68D /* Bike */,
				1A6EAD1F2AD56B420043E524 /* BikeApp */,
				1ACF286B2B543DA700020097 /* BikeWidget */,
				1ACF28662B543DA700020097 /* Frameworks */,
				1A6EAD1E2AD56B420043E524 /* Products */,
			);
			sourceTree = "<group>";
		};
		1A6EAD1E2AD56B420043E524 /* Products */ = {
			isa = PBXGroup;
			children = (
				1A6EAD1D2AD56B420043E524 /* BikeApp.app */,
				1ACF28652B543DA700020097 /* BikeWidgetExtension.appex */,
			);
			name = Products;
			sourceTree = "<group>";
		};
		1A6EAD1F2AD56B420043E524 /* BikeApp */ = {
			isa = PBXGroup;
			children = (
				1A6EAD262AD56B430043E524 /* BikeApp.entitlements */,
				1A6EAD242AD56B430043E524 /* Assets.xcassets */,
				1AF4971F2ADBED97004DFAA4 /* Localizable.xcstrings */,
				1A9A072D2C0771C10013E68D /* App */,
				1AAC036A2C5F8B9C0034E863 /* Bike Map */,
				1A9A072E2C0771C80013E68D /* Login */,
				1A6EAD272AD56B430043E524 /* Preview Content */,
			);
			path = BikeApp;
			sourceTree = "<group>";
		};
		1A6EAD272AD56B430043E524 /* Preview Content */ = {
			isa = PBXGroup;
			children = (
				1A5C94972ADB103900D8478D /* Bundle+Decode.swift */,
				1A5C94952ADB0F4800D8478D /* PreviewContent.swift */,
				1A6EAD282AD56B430043E524 /* Preview Assets.xcassets */,
			);
			path = "Preview Content";
			sourceTree = "<group>";
		};
		1A6F58282BD7031400986C23 /* Bike Battery */ = {
			isa = PBXGroup;
			children = (
				1A6F58262BD6FEF800986C23 /* BikeBatteryWidget.swift */,
				1A6F58242BD6ED3900986C23 /* BikeBatteryWidgetCircularView.swift */,
				1A6F582C2BD84AF300986C23 /* BikeBatteryWidgetInlineView.swift */,
				1A6F582E2BD84F1200986C23 /* BikeBatteryWidgetRectangularView.swift */,
				1A1E487C2BE929D100BF8A46 /* BikeBatteryWidgetSystemView.swift */,
				1A6F58292BD7056600986C23 /* BikeBatteryWidgetView.swift */,
			);
			path = "Bike Battery";
			sourceTree = "<group>";
		};
		1A6F582B2BD706A700986C23 /* Bike Location */ = {
			isa = PBXGroup;
			children = (
				1ACF286E2B543DA700020097 /* BikeLocationWidget.swift */,
				1A6F58222BD6ECFD00986C23 /* BikeLocationWidgetSystemView.swift */,
				1ACF28952B5581E600020097 /* BikeMarker.swift */,
			);
			path = "Bike Location";
			sourceTree = "<group>";
		};
		1A6F58302BD8537500986C23 /* Preview Content */ = {
			isa = PBXGroup;
			children = (
				1A6F58332BD85B0000986C23 /* Preview Assets.xcassets */,
				1A6F58312BD8538700986C23 /* PreviewContent.swift */,
			);
			path = "Preview Content";
			sourceTree = "<group>";
		};
		1A6F6F922CA80C32008B5ADB /* Bike Details */ = {
			isa = PBXGroup;
			children = (
				1A9B20AE2C879CBF005702E8 /* BikeDetailsView.swift */,
			);
			path = "Bike Details";
			sourceTree = "<group>";
		};
		1A9A072D2C0771C10013E68D /* App */ = {
			isa = PBXGroup;
			children = (
				1A6EAD202AD56B420043E524 /* BikeApp.swift */,
			);
			path = App;
			sourceTree = "<group>";
		};
		1A9A072E2C0771C80013E68D /* Login */ = {
			isa = PBXGroup;
			children = (
				1A5C94892ADAF12A00D8478D /* LoginView.swift */,
			);
			path = Login;
			sourceTree = "<group>";
		};
		1AAC036A2C5F8B9C0034E863 /* Bike Map */ = {
			isa = PBXGroup;
			children = (
				1A6F6F922CA80C32008B5ADB /* Bike Details */,
				1ADBB9AA2B4ABD32006965B7 /* AsyncBikeMap.swift */,
				1ADBB9A82B4ABD14006965B7 /* AsyncContentView.swift */,
				1A751B432AE1AC100067F3EA /* BikeMap.swift */,
				1A9B20B02C87A3A2005702E8 /* SelectablePinAnnotation.swift */,
				1A839B2A2C9AA04000379550 /* MapBikeLocationButton.swift */,
			);
			path = "Bike Map";
			sourceTree = "<group>";
		};
		1ACF28662B543DA700020097 /* Frameworks */ = {
			isa = PBXGroup;
			children = (
				1ACF28672B543DA700020097 /* WidgetKit.framework */,
				1ACF28692B543DA700020097 /* SwiftUI.framework */,
			);
			name = Frameworks;
			sourceTree = "<group>";
		};
		1ACF286B2B543DA700020097 /* BikeWidget */ = {
			isa = PBXGroup;
			children = (
				1A1041942BD445C700523200 /* BikeWidgetExtension.entitlements */,
				1ACF28722B543DA900020097 /* Info.plist */,
				1ACF286C2B543DA700020097 /* BikeWidgetBundle.swift */,
				1ACF28702B543DA900020097 /* Assets.xcassets */,
				1A6F58282BD7031400986C23 /* Bike Battery */,
				1A6F582B2BD706A700986C23 /* Bike Location */,
				1A6F58302BD8537500986C23 /* Preview Content */,
			);
			path = BikeWidget;
			sourceTree = "<group>";
		};
/* End PBXGroup section */

/* Begin PBXNativeTarget section */
		1A6EAD1C2AD56B420043E524 /* BikeApp */ = {
			isa = PBXNativeTarget;
			buildConfigurationList = 1A6EAD2C2AD56B430043E524 /* Build configuration list for PBXNativeTarget "BikeApp" */;
			buildPhases = (
				1A6EAD192AD56B420043E524 /* Sources */,
				1A6EAD1A2AD56B420043E524 /* Frameworks */,
				1A6EAD1B2AD56B420043E524 /* Resources */,
				1ACF28762B543DA900020097 /* Embed Foundation Extensions */,
			);
			buildRules = (
			);
			dependencies = (
				1AD6C57E2C5FD6B5009F236D /* PBXTargetDependency */,
				1ACF28742B543DA900020097 /* PBXTargetDependency */,
			);
			name = BikeApp;
			packageProductDependencies = (
				1A9A07292C0768DE0013E68D /* Bike */,
			);
			productName = Decathlon;
			productReference = 1A6EAD1D2AD56B420043E524 /* BikeApp.app */;
			productType = "com.apple.product-type.application";
		};
		1ACF28642B543DA700020097 /* BikeWidgetExtension */ = {
			isa = PBXNativeTarget;
			buildConfigurationList = 1ACF28792B543DA900020097 /* Build configuration list for PBXNativeTarget "BikeWidgetExtension" */;
			buildPhases = (
				1ACF28612B543DA700020097 /* Sources */,
				1ACF28622B543DA700020097 /* Frameworks */,
				1ACF28632B543DA700020097 /* Resources */,
			);
			buildRules = (
			);
			dependencies = (
				1AD6C5802C5FD872009F236D /* PBXTargetDependency */,
			);
			name = BikeWidgetExtension;
			packageProductDependencies = (
				1A9A072B2C0769360013E68D /* Bike */,
			);
			productName = BikeWidgetExtension;
			productReference = 1ACF28652B543DA700020097 /* BikeWidgetExtension.appex */;
			productType = "com.apple.product-type.app-extension";
		};
/* End PBXNativeTarget section */

/* Begin PBXProject section */
		1A6EAD152AD56B420043E524 /* Project object */ = {
			isa = PBXProject;
			attributes = {
				BuildIndependentTargetsInParallel = 1;
				LastSwiftUpdateCheck = 1520;
				LastUpgradeCheck = 1600;
				TargetAttributes = {
					1A6EAD1C2AD56B420043E524 = {
						CreatedOnToolsVersion = 15.1;
					};
					1ACF28642B543DA700020097 = {
						CreatedOnToolsVersion = 15.2;
					};
				};
			};
			buildConfigurationList = 1A6EAD182AD56B420043E524 /* Build configuration list for PBXProject "Bike" */;
			compatibilityVersion = "Xcode 14.0";
			developmentRegion = en;
			hasScannedForEncodings = 0;
			knownRegions = (
				en,
				Base,
				fr,
			);
			mainGroup = 1A6EAD142AD56B420043E524;
			packageReferences = (
				1AD6C57C2C5FD6AE009F236D /* XCRemoteSwiftPackageReference "SwiftLint" */,
			);
			productRefGroup = 1A6EAD1E2AD56B420043E524 /* Products */;
			projectDirPath = "";
			projectRoot = "";
			targets = (
				1A6EAD1C2AD56B420043E524 /* BikeApp */,
				1ACF28642B543DA700020097 /* BikeWidgetExtension */,
			);
		};
/* End PBXProject section */

/* Begin PBXResourcesBuildPhase section */
		1A6EAD1B2AD56B420043E524 /* Resources */ = {
			isa = PBXResourcesBuildPhase;
			buildActionMask = 2147483647;
			files = (
				1A6EAD292AD56B430043E524 /* Preview Assets.xcassets in Resources */,
				1ACF289A2B5584F900020097 /* Assets.xcassets in Resources */,
				1AF497202ADBED97004DFAA4 /* Localizable.xcstrings in Resources */,
			);
			runOnlyForDeploymentPostprocessing = 0;
		};
		1ACF28632B543DA700020097 /* Resources */ = {
			isa = PBXResourcesBuildPhase;
			buildActionMask = 2147483647;
			files = (
				1ACF28712B543DA900020097 /* Assets.xcassets in Resources */,
				1A6F58342BD85B9800986C23 /* Preview Assets.xcassets in Resources */,
			);
			runOnlyForDeploymentPostprocessing = 0;
		};
/* End PBXResourcesBuildPhase section */

/* Begin PBXSourcesBuildPhase section */
		1A6EAD192AD56B420043E524 /* Sources */ = {
			isa = PBXSourcesBuildPhase;
			buildActionMask = 2147483647;
			files = (
				1A9B20B12C87A3A2005702E8 /* SelectablePinAnnotation.swift in Sources */,
				1A751B442AE1AC100067F3EA /* BikeMap.swift in Sources */,
				1ADBB9AB2B4ABD32006965B7 /* AsyncBikeMap.swift in Sources */,
				1A5C948A2ADAF12A00D8478D /* LoginView.swift in Sources */,
				1A839B2B2C9AA04000379550 /* MapBikeLocationButton.swift in Sources */,
				1A6EAD212AD56B420043E524 /* BikeApp.swift in Sources */,
				1A5C94982ADB103900D8478D /* Bundle+Decode.swift in Sources */,
				1A5C94962ADB0F4800D8478D /* PreviewContent.swift in Sources */,
				1A9B20AF2C879CBF005702E8 /* BikeDetailsView.swift in Sources */,
				1ADBB9A92B4ABD14006965B7 /* AsyncContentView.swift in Sources */,
			);
			runOnlyForDeploymentPostprocessing = 0;
		};
		1ACF28612B543DA700020097 /* Sources */ = {
			isa = PBXSourcesBuildPhase;
			buildActionMask = 2147483647;
			files = (
				1A1E487D2BE929D100BF8A46 /* BikeBatteryWidgetSystemView.swift in Sources */,
				1A6F58322BD8538700986C23 /* PreviewContent.swift in Sources */,
				1ACF286F2B543DA700020097 /* BikeLocationWidget.swift in Sources */,
				1A6F582F2BD84F1200986C23 /* BikeBatteryWidgetRectangularView.swift in Sources */,
				1A6F58252BD6ED3900986C23 /* BikeBatteryWidgetCircularView.swift in Sources */,
				1A6F58272BD6FEF800986C23 /* BikeBatteryWidget.swift in Sources */,
				1ACF286D2B543DA700020097 /* BikeWidgetBundle.swift in Sources */,
				1A6F58232BD6ECFD00986C23 /* BikeLocationWidgetSystemView.swift in Sources */,
				1ACF28B72B55913F00020097 /* BikeMarker.swift in Sources */,
				1A6F582D2BD84AF300986C23 /* BikeBatteryWidgetInlineView.swift in Sources */,
				1A6F582A2BD7056600986C23 /* BikeBatteryWidgetView.swift in Sources */,
			);
			runOnlyForDeploymentPostprocessing = 0;
		};
/* End PBXSourcesBuildPhase section */

/* Begin PBXTargetDependency section */
		1ACF28742B543DA900020097 /* PBXTargetDependency */ = {
			isa = PBXTargetDependency;
			target = 1ACF28642B543DA700020097 /* BikeWidgetExtension */;
			targetProxy = 1ACF28732B543DA900020097 /* PBXContainerItemProxy */;
		};
		1AD6C57E2C5FD6B5009F236D /* PBXTargetDependency */ = {
			isa = PBXTargetDependency;
			productRef = 1AD6C57D2C5FD6B5009F236D /* SwiftLintBuildToolPlugin */;
		};
		1AD6C5802C5FD872009F236D /* PBXTargetDependency */ = {
			isa = PBXTargetDependency;
			productRef = 1AD6C57F2C5FD872009F236D /* SwiftLintBuildToolPlugin */;
		};
/* End PBXTargetDependency section */

/* Begin XCBuildConfiguration section */
		1A6EAD2A2AD56B430043E524 /* Debug */ = {
			isa = XCBuildConfiguration;
			buildSettings = {
				ALWAYS_SEARCH_USER_PATHS = NO;
				ASSETCATALOG_COMPILER_GENERATE_SWIFT_ASSET_SYMBOL_EXTENSIONS = YES;
				CLANG_ANALYZER_LOCALIZABILITY_NONLOCALIZED = YES;
				CLANG_ANALYZER_NONNULL = YES;
				CLANG_ANALYZER_NUMBER_OBJECT_CONVERSION = YES_AGGRESSIVE;
				CLANG_CXX_LANGUAGE_STANDARD = "gnu++20";
				CLANG_ENABLE_MODULES = YES;
				CLANG_ENABLE_OBJC_ARC = YES;
				CLANG_ENABLE_OBJC_WEAK = YES;
				CLANG_WARN_BLOCK_CAPTURE_AUTORELEASING = YES;
				CLANG_WARN_BOOL_CONVERSION = YES;
				CLANG_WARN_COMMA = YES;
				CLANG_WARN_CONSTANT_CONVERSION = YES;
				CLANG_WARN_DEPRECATED_OBJC_IMPLEMENTATIONS = YES;
				CLANG_WARN_DIRECT_OBJC_ISA_USAGE = YES_ERROR;
				CLANG_WARN_DOCUMENTATION_COMMENTS = YES;
				CLANG_WARN_EMPTY_BODY = YES;
				CLANG_WARN_ENUM_CONVERSION = YES;
				CLANG_WARN_INFINITE_RECURSION = YES;
				CLANG_WARN_INT_CONVERSION = YES;
				CLANG_WARN_NON_LITERAL_NULL_CONVERSION = YES;
				CLANG_WARN_OBJC_IMPLICIT_RETAIN_SELF = YES;
				CLANG_WARN_OBJC_LITERAL_CONVERSION = YES;
				CLANG_WARN_OBJC_ROOT_CLASS = YES_ERROR;
				CLANG_WARN_QUOTED_INCLUDE_IN_FRAMEWORK_HEADER = YES;
				CLANG_WARN_RANGE_LOOP_ANALYSIS = YES;
				CLANG_WARN_STRICT_PROTOTYPES = YES;
				CLANG_WARN_SUSPICIOUS_MOVE = YES;
				CLANG_WARN_UNGUARDED_AVAILABILITY = YES_AGGRESSIVE;
				CLANG_WARN_UNREACHABLE_CODE = YES;
				CLANG_WARN__DUPLICATE_METHOD_MATCH = YES;
				COPY_PHASE_STRIP = NO;
				DEAD_CODE_STRIPPING = YES;
				DEBUG_INFORMATION_FORMAT = dwarf;
				DEVELOPMENT_TEAM = 5PPY38J7P4;
				ENABLE_STRICT_OBJC_MSGSEND = YES;
				ENABLE_TESTABILITY = YES;
				ENABLE_USER_SCRIPT_SANDBOXING = YES;
				GCC_C_LANGUAGE_STANDARD = gnu17;
				GCC_DYNAMIC_NO_PIC = NO;
				GCC_NO_COMMON_BLOCKS = YES;
				GCC_OPTIMIZATION_LEVEL = 0;
				GCC_PREPROCESSOR_DEFINITIONS = (
					"DEBUG=1",
					"$(inherited)",
				);
				GCC_WARN_64_TO_32_BIT_CONVERSION = YES;
				GCC_WARN_ABOUT_RETURN_TYPE = YES_ERROR;
				GCC_WARN_UNDECLARED_SELECTOR = YES;
				GCC_WARN_UNINITIALIZED_AUTOS = YES_AGGRESSIVE;
				GCC_WARN_UNUSED_FUNCTION = YES;
				GCC_WARN_UNUSED_VARIABLE = YES;
				LOCALIZATION_PREFERS_STRING_CATALOGS = YES;
				MTL_ENABLE_DEBUG_INFO = INCLUDE_SOURCE;
				MTL_FAST_MATH = YES;
				ONLY_ACTIVE_ARCH = YES;
				SWIFT_ACTIVE_COMPILATION_CONDITIONS = "DEBUG $(inherited)";
				SWIFT_OPTIMIZATION_LEVEL = "-Onone";
				SWIFT_STRICT_CONCURRENCY = complete;
				SWIFT_VERSION = 6.0;
			};
			name = Debug;
		};
		1A6EAD2B2AD56B430043E524 /* Release */ = {
			isa = XCBuildConfiguration;
			buildSettings = {
				ALWAYS_SEARCH_USER_PATHS = NO;
				ASSETCATALOG_COMPILER_GENERATE_SWIFT_ASSET_SYMBOL_EXTENSIONS = YES;
				CLANG_ANALYZER_LOCALIZABILITY_NONLOCALIZED = YES;
				CLANG_ANALYZER_NONNULL = YES;
				CLANG_ANALYZER_NUMBER_OBJECT_CONVERSION = YES_AGGRESSIVE;
				CLANG_CXX_LANGUAGE_STANDARD = "gnu++20";
				CLANG_ENABLE_MODULES = YES;
				CLANG_ENABLE_OBJC_ARC = YES;
				CLANG_ENABLE_OBJC_WEAK = YES;
				CLANG_WARN_BLOCK_CAPTURE_AUTORELEASING = YES;
				CLANG_WARN_BOOL_CONVERSION = YES;
				CLANG_WARN_COMMA = YES;
				CLANG_WARN_CONSTANT_CONVERSION = YES;
				CLANG_WARN_DEPRECATED_OBJC_IMPLEMENTATIONS = YES;
				CLANG_WARN_DIRECT_OBJC_ISA_USAGE = YES_ERROR;
				CLANG_WARN_DOCUMENTATION_COMMENTS = YES;
				CLANG_WARN_EMPTY_BODY = YES;
				CLANG_WARN_ENUM_CONVERSION = YES;
				CLANG_WARN_INFINITE_RECURSION = YES;
				CLANG_WARN_INT_CONVERSION = YES;
				CLANG_WARN_NON_LITERAL_NULL_CONVERSION = YES;
				CLANG_WARN_OBJC_IMPLICIT_RETAIN_SELF = YES;
				CLANG_WARN_OBJC_LITERAL_CONVERSION = YES;
				CLANG_WARN_OBJC_ROOT_CLASS = YES_ERROR;
				CLANG_WARN_QUOTED_INCLUDE_IN_FRAMEWORK_HEADER = YES;
				CLANG_WARN_RANGE_LOOP_ANALYSIS = YES;
				CLANG_WARN_STRICT_PROTOTYPES = YES;
				CLANG_WARN_SUSPICIOUS_MOVE = YES;
				CLANG_WARN_UNGUARDED_AVAILABILITY = YES_AGGRESSIVE;
				CLANG_WARN_UNREACHABLE_CODE = YES;
				CLANG_WARN__DUPLICATE_METHOD_MATCH = YES;
				COPY_PHASE_STRIP = NO;
				DEAD_CODE_STRIPPING = YES;
				DEBUG_INFORMATION_FORMAT = "dwarf-with-dsym";
				DEVELOPMENT_TEAM = 5PPY38J7P4;
				ENABLE_NS_ASSERTIONS = NO;
				ENABLE_STRICT_OBJC_MSGSEND = YES;
				ENABLE_USER_SCRIPT_SANDBOXING = YES;
				GCC_C_LANGUAGE_STANDARD = gnu17;
				GCC_NO_COMMON_BLOCKS = YES;
				GCC_WARN_64_TO_32_BIT_CONVERSION = YES;
				GCC_WARN_ABOUT_RETURN_TYPE = YES_ERROR;
				GCC_WARN_UNDECLARED_SELECTOR = YES;
				GCC_WARN_UNINITIALIZED_AUTOS = YES_AGGRESSIVE;
				GCC_WARN_UNUSED_FUNCTION = YES;
				GCC_WARN_UNUSED_VARIABLE = YES;
				LOCALIZATION_PREFERS_STRING_CATALOGS = YES;
				MTL_ENABLE_DEBUG_INFO = NO;
				MTL_FAST_MATH = YES;
				SWIFT_COMPILATION_MODE = wholemodule;
				SWIFT_STRICT_CONCURRENCY = complete;
				SWIFT_VERSION = 6.0;
			};
			name = Release;
		};
		1A6EAD2D2AD56B430043E524 /* Debug */ = {
			isa = XCBuildConfiguration;
			buildSettings = {
				ASSETCATALOG_COMPILER_APPICON_NAME = AppIcon;
				ASSETCATALOG_COMPILER_GLOBAL_ACCENT_COLOR_NAME = AccentColor;
				CODE_SIGN_ENTITLEMENTS = BikeApp/BikeApp.entitlements;
				CODE_SIGN_STYLE = Automatic;
				CURRENT_PROJECT_VERSION = 1;
				DEAD_CODE_STRIPPING = YES;
				DEVELOPMENT_ASSET_PATHS = "\"BikeApp/Preview Content\"";
				ENABLE_HARDENED_RUNTIME = YES;
				ENABLE_PREVIEWS = YES;
				GENERATE_INFOPLIST_FILE = YES;
				INFOPLIST_KEY_CFBundleDisplayName = Bike;
				INFOPLIST_KEY_NSLocationWhenInUseUsageDescription = "We need your location to show where you are on the map.";
				"INFOPLIST_KEY_UIApplicationSceneManifest_Generation[sdk=iphoneos*]" = YES;
				"INFOPLIST_KEY_UIApplicationSceneManifest_Generation[sdk=iphonesimulator*]" = YES;
				"INFOPLIST_KEY_UIApplicationSupportsIndirectInputEvents[sdk=iphoneos*]" = YES;
				"INFOPLIST_KEY_UIApplicationSupportsIndirectInputEvents[sdk=iphonesimulator*]" = YES;
				"INFOPLIST_KEY_UILaunchScreen_Generation[sdk=iphoneos*]" = YES;
				"INFOPLIST_KEY_UILaunchScreen_Generation[sdk=iphonesimulator*]" = YES;
				"INFOPLIST_KEY_UIStatusBarStyle[sdk=iphoneos*]" = UIStatusBarStyleDefault;
				"INFOPLIST_KEY_UIStatusBarStyle[sdk=iphonesimulator*]" = UIStatusBarStyleDefault;
				INFOPLIST_KEY_UISupportedInterfaceOrientations_iPad = "UIInterfaceOrientationPortrait UIInterfaceOrientationPortraitUpsideDown UIInterfaceOrientationLandscapeLeft UIInterfaceOrientationLandscapeRight";
				INFOPLIST_KEY_UISupportedInterfaceOrientations_iPhone = "";
				IPHONEOS_DEPLOYMENT_TARGET = 18.0;
				LD_RUNPATH_SEARCH_PATHS = "@executable_path/Frameworks";
				"LD_RUNPATH_SEARCH_PATHS[sdk=macosx*]" = "@executable_path/../Frameworks";
				MACOSX_DEPLOYMENT_TARGET = 14.0;
				MARKETING_VERSION = 1.0;
				PRODUCT_BUNDLE_IDENTIFIER = tech.conneq.decathlon;
				PRODUCT_NAME = "$(TARGET_NAME)";
				SDKROOT = auto;
				SUPPORTED_PLATFORMS = "iphoneos iphonesimulator macosx";
				SWIFT_EMIT_LOC_STRINGS = YES;
				TARGETED_DEVICE_FAMILY = "1,2";
			};
			name = Debug;
		};
		1A6EAD2E2AD56B430043E524 /* Release */ = {
			isa = XCBuildConfiguration;
			buildSettings = {
				ASSETCATALOG_COMPILER_APPICON_NAME = AppIcon;
				ASSETCATALOG_COMPILER_GLOBAL_ACCENT_COLOR_NAME = AccentColor;
				CODE_SIGN_ENTITLEMENTS = BikeApp/BikeApp.entitlements;
				CODE_SIGN_STYLE = Automatic;
				CURRENT_PROJECT_VERSION = 1;
				DEAD_CODE_STRIPPING = YES;
				DEVELOPMENT_ASSET_PATHS = "\"BikeApp/Preview Content\"";
				ENABLE_HARDENED_RUNTIME = YES;
				ENABLE_PREVIEWS = YES;
				GENERATE_INFOPLIST_FILE = YES;
				INFOPLIST_KEY_CFBundleDisplayName = Bike;
				INFOPLIST_KEY_NSLocationWhenInUseUsageDescription = "We need your location to show where you are on the map.";
				"INFOPLIST_KEY_UIApplicationSceneManifest_Generation[sdk=iphoneos*]" = YES;
				"INFOPLIST_KEY_UIApplicationSceneManifest_Generation[sdk=iphonesimulator*]" = YES;
				"INFOPLIST_KEY_UIApplicationSupportsIndirectInputEvents[sdk=iphoneos*]" = YES;
				"INFOPLIST_KEY_UIApplicationSupportsIndirectInputEvents[sdk=iphonesimulator*]" = YES;
				"INFOPLIST_KEY_UILaunchScreen_Generation[sdk=iphoneos*]" = YES;
				"INFOPLIST_KEY_UILaunchScreen_Generation[sdk=iphonesimulator*]" = YES;
				"INFOPLIST_KEY_UIStatusBarStyle[sdk=iphoneos*]" = UIStatusBarStyleDefault;
				"INFOPLIST_KEY_UIStatusBarStyle[sdk=iphonesimulator*]" = UIStatusBarStyleDefault;
				INFOPLIST_KEY_UISupportedInterfaceOrientations_iPad = "UIInterfaceOrientationPortrait UIInterfaceOrientationPortraitUpsideDown UIInterfaceOrientationLandscapeLeft UIInterfaceOrientationLandscapeRight";
				INFOPLIST_KEY_UISupportedInterfaceOrientations_iPhone = "";
				IPHONEOS_DEPLOYMENT_TARGET = 18.0;
				LD_RUNPATH_SEARCH_PATHS = "@executable_path/Frameworks";
				"LD_RUNPATH_SEARCH_PATHS[sdk=macosx*]" = "@executable_path/../Frameworks";
				MACOSX_DEPLOYMENT_TARGET = 14.0;
				MARKETING_VERSION = 1.0;
				PRODUCT_BUNDLE_IDENTIFIER = tech.conneq.decathlon;
				PRODUCT_NAME = "$(TARGET_NAME)";
				SDKROOT = auto;
				SUPPORTED_PLATFORMS = "iphoneos iphonesimulator macosx";
				SWIFT_EMIT_LOC_STRINGS = YES;
				TARGETED_DEVICE_FAMILY = "1,2";
			};
			name = Release;
		};
		1ACF28772B543DA900020097 /* Debug */ = {
			isa = XCBuildConfiguration;
			buildSettings = {
				ASSETCATALOG_COMPILER_GLOBAL_ACCENT_COLOR_NAME = AccentColor;
				ASSETCATALOG_COMPILER_WIDGET_BACKGROUND_COLOR_NAME = WidgetBackground;
				CODE_SIGN_ENTITLEMENTS = BikeWidget/BikeWidgetExtension.entitlements;
				CODE_SIGN_IDENTITY = "Apple Development";
				CODE_SIGN_STYLE = Automatic;
				CURRENT_PROJECT_VERSION = 1;
				DEVELOPMENT_ASSET_PATHS = "BikeWidget/Preview\\ Content";
				DEVELOPMENT_TEAM = 5PPY38J7P4;
				GENERATE_INFOPLIST_FILE = YES;
				INFOPLIST_FILE = BikeWidget/Info.plist;
				INFOPLIST_KEY_CFBundleDisplayName = BikeWidget;
				INFOPLIST_KEY_NSHumanReadableCopyright = "";
				IPHONEOS_DEPLOYMENT_TARGET = 17.2;
				LD_RUNPATH_SEARCH_PATHS = (
					"$(inherited)",
					"@executable_path/Frameworks",
					"@executable_path/../../Frameworks",
				);
				MARKETING_VERSION = 1.0;
				PRODUCT_BUNDLE_IDENTIFIER = tech.conneq.decathlon.BikeWidget;
				PRODUCT_NAME = "$(TARGET_NAME)";
				PROVISIONING_PROFILE_SPECIFIER = "";
				SDKROOT = iphoneos;
				SKIP_INSTALL = YES;
				SUPPORTED_PLATFORMS = "iphoneos iphonesimulator macosx";
				SUPPORTS_MACCATALYST = NO;
				SUPPORTS_MAC_DESIGNED_FOR_IPHONE_IPAD = NO;
				SUPPORTS_XR_DESIGNED_FOR_IPHONE_IPAD = NO;
				SWIFT_EMIT_LOC_STRINGS = YES;
				TARGETED_DEVICE_FAMILY = "1,2";
			};
			name = Debug;
		};
		1ACF28782B543DA900020097 /* Release */ = {
			isa = XCBuildConfiguration;
			buildSettings = {
				ASSETCATALOG_COMPILER_GLOBAL_ACCENT_COLOR_NAME = AccentColor;
				ASSETCATALOG_COMPILER_WIDGET_BACKGROUND_COLOR_NAME = WidgetBackground;
				CODE_SIGN_ENTITLEMENTS = BikeWidget/BikeWidgetExtension.entitlements;
				CODE_SIGN_IDENTITY = "Apple Development";
				CODE_SIGN_STYLE = Automatic;
				CURRENT_PROJECT_VERSION = 1;
				DEVELOPMENT_ASSET_PATHS = "BikeWidget/Preview\\ Content";
				DEVELOPMENT_TEAM = 5PPY38J7P4;
				GENERATE_INFOPLIST_FILE = YES;
				INFOPLIST_FILE = BikeWidget/Info.plist;
				INFOPLIST_KEY_CFBundleDisplayName = BikeWidget;
				INFOPLIST_KEY_NSHumanReadableCopyright = "";
				IPHONEOS_DEPLOYMENT_TARGET = 17.2;
				LD_RUNPATH_SEARCH_PATHS = (
					"$(inherited)",
					"@executable_path/Frameworks",
					"@executable_path/../../Frameworks",
				);
				MARKETING_VERSION = 1.0;
				PRODUCT_BUNDLE_IDENTIFIER = tech.conneq.decathlon.BikeWidget;
				PRODUCT_NAME = "$(TARGET_NAME)";
				PROVISIONING_PROFILE_SPECIFIER = "";
				SDKROOT = iphoneos;
				SKIP_INSTALL = YES;
				SUPPORTED_PLATFORMS = "iphoneos iphonesimulator macosx";
				SUPPORTS_MACCATALYST = NO;
				SUPPORTS_MAC_DESIGNED_FOR_IPHONE_IPAD = NO;
				SUPPORTS_XR_DESIGNED_FOR_IPHONE_IPAD = NO;
				SWIFT_EMIT_LOC_STRINGS = YES;
				TARGETED_DEVICE_FAMILY = "1,2";
				VALIDATE_PRODUCT = YES;
			};
			name = Release;
		};
/* End XCBuildConfiguration section */

/* Begin XCConfigurationList section */
		1A6EAD182AD56B420043E524 /* Build configuration list for PBXProject "Bike" */ = {
			isa = XCConfigurationList;
			buildConfigurations = (
				1A6EAD2A2AD56B430043E524 /* Debug */,
				1A6EAD2B2AD56B430043E524 /* Release */,
			);
			defaultConfigurationIsVisible = 0;
			defaultConfigurationName = Release;
		};
		1A6EAD2C2AD56B430043E524 /* Build configuration list for PBXNativeTarget "BikeApp" */ = {
			isa = XCConfigurationList;
			buildConfigurations = (
				1A6EAD2D2AD56B430043E524 /* Debug */,
				1A6EAD2E2AD56B430043E524 /* Release */,
			);
			defaultConfigurationIsVisible = 0;
			defaultConfigurationName = Release;
		};
		1ACF28792B543DA900020097 /* Build configuration list for PBXNativeTarget "BikeWidgetExtension" */ = {
			isa = XCConfigurationList;
			buildConfigurations = (
				1ACF28772B543DA900020097 /* Debug */,
				1ACF28782B543DA900020097 /* Release */,
			);
			defaultConfigurationIsVisible = 0;
			defaultConfigurationName = Release;
		};
/* End XCConfigurationList section */

/* Begin XCRemoteSwiftPackageReference section */
		1AD6C57C2C5FD6AE009F236D /* XCRemoteSwiftPackageReference "SwiftLint" */ = {
			isa = XCRemoteSwiftPackageReference;
			repositoryURL = "https://github.com/realm/SwiftLint";
			requirement = {
				kind = upToNextMajorVersion;
				minimumVersion = 0.55.1;
			};
		};
/* End XCRemoteSwiftPackageReference section */

/* Begin XCSwiftPackageProductDependency section */
		1A9A07292C0768DE0013E68D /* Bike */ = {
			isa = XCSwiftPackageProductDependency;
			productName = Bike;
		};
		1A9A072B2C0769360013E68D /* Bike */ = {
			isa = XCSwiftPackageProductDependency;
			productName = Bike;
		};
		1AD6C57D2C5FD6B5009F236D /* SwiftLintBuildToolPlugin */ = {
			isa = XCSwiftPackageProductDependency;
			package = 1AD6C57C2C5FD6AE009F236D /* XCRemoteSwiftPackageReference "SwiftLint" */;
			productName = "plugin:SwiftLintBuildToolPlugin";
		};
		1AD6C57F2C5FD872009F236D /* SwiftLintBuildToolPlugin */ = {
			isa = XCSwiftPackageProductDependency;
			package = 1AD6C57C2C5FD6AE009F236D /* XCRemoteSwiftPackageReference "SwiftLint" */;
			productName = "plugin:SwiftLintBuildToolPlugin";
		};
/* End XCSwiftPackageProductDependency section */
	};
	rootObject = 1A6EAD152AD56B420043E524 /* Project object */;
}
