// !$*UTF8*$!
{
	archiveVersion = 1;
	classes = {
	};
	objectVersion = 70;
	objects = {

/* Begin PBXBuildFile section */
		1A61FCC32D32DA9D00B95AF6 /* VariableBlur in Frameworks */ = {isa = PBXBuildFile; platformFilter = ios; productRef = 1A61FCC22D32DA9D00B95AF6 /* VariableBlur */; };
		1A9190602D69E7AA0053A846 /* Bike Watch App.app in Embed Watch Content */ = {isa = PBXBuildFile; fileRef = 1A9190532D69E7A90053A846 /* Bike Watch App.app */; platformFilter = ios; settings = {ATTRIBUTES = (RemoveHeadersOnCopy, ); }; };
		1A9190662D69E7EB0053A846 /* Bike in Frameworks */ = {isa = PBXBuildFile; productRef = 1A9190652D69E7EB0053A846 /* Bike */; };
		1A9A072A2C0768DE0013E68D /* Bike in Frameworks */ = {isa = PBXBuildFile; productRef = 1A9A07292C0768DE0013E68D /* Bike */; };
		1A9A072C2C0769360013E68D /* Bike in Frameworks */ = {isa = PBXBuildFile; productRef = 1A9A072B2C0769360013E68D /* Bike */; };
		1ACF28682B543DA700020097 /* WidgetKit.framework in Frameworks */ = {isa = PBXBuildFile; fileRef = 1ACF28672B543DA700020097 /* WidgetKit.framework */; };
		1ACF286A2B543DA700020097 /* SwiftUI.framework in Frameworks */ = {isa = PBXBuildFile; fileRef = 1ACF28692B543DA700020097 /* SwiftUI.framework */; };
		1ACF28752B543DA900020097 /* BikeWidgetExtension.appex in Embed Foundation Extensions */ = {isa = PBXBuildFile; fileRef = 1ACF28652B543DA700020097 /* BikeWidgetExtension.appex */; settings = {ATTRIBUTES = (RemoveHeadersOnCopy, ); }; };
/* End PBXBuildFile section */

/* Begin PBXContainerItemProxy section */
		1A91905E2D69E7AA0053A846 /* PBXContainerItemProxy */ = {
			isa = PBXContainerItemProxy;
			containerPortal = 1A6EAD152AD56B420043E524 /* Project object */;
			proxyType = 1;
			remoteGlobalIDString = 1A9190522D69E7A90053A846;
			remoteInfo = "BikeWatch Watch App";
		};
		1ACF28732B543DA900020097 /* PBXContainerItemProxy */ = {
			isa = PBXContainerItemProxy;
			containerPortal = 1A6EAD152AD56B420043E524 /* Project object */;
			proxyType = 1;
			remoteGlobalIDString = 1ACF28642B543DA700020097;
			remoteInfo = BikeWidgetExtension;
		};
/* End PBXContainerItemProxy section */

/* Begin PBXCopyFilesBuildPhase section */
		1A9190612D69E7AA0053A846 /* Embed Watch Content */ = {
			isa = PBXCopyFilesBuildPhase;
			buildActionMask = 2147483647;
			dstPath = "$(CONTENTS_FOLDER_PATH)/Watch";
			dstSubfolderSpec = 16;
			files = (
				1A9190602D69E7AA0053A846 /* Bike Watch App.app in Embed Watch Content */,
			);
			name = "Embed Watch Content";
			runOnlyForDeploymentPostprocessing = 0;
		};
		1ACF28762B543DA900020097 /* Embed Foundation Extensions */ = {
			isa = PBXCopyFilesBuildPhase;
			buildActionMask = 2147483647;
			dstPath = "";
			dstSubfolderSpec = 13;
			files = (
				1ACF28752B543DA900020097 /* BikeWidgetExtension.appex in Embed Foundation Extensions */,
			);
			name = "Embed Foundation Extensions";
			runOnlyForDeploymentPostprocessing = 0;
		};
/* End PBXCopyFilesBuildPhase section */

/* Begin PBXFileReference section */
		1A6EAD1D2AD56B420043E524 /* BikeApp.app */ = {isa = PBXFileReference; explicitFileType = wrapper.application; includeInIndex = 0; path = BikeApp.app; sourceTree = BUILT_PRODUCTS_DIR; };
		1A9190532D69E7A90053A846 /* Bike Watch App.app */ = {isa = PBXFileReference; explicitFileType = wrapper.application; includeInIndex = 0; path = "Bike Watch App.app"; sourceTree = BUILT_PRODUCTS_DIR; };
		1A9A07282C0768C40013E68D /* Bike */ = {isa = PBXFileReference; lastKnownFileType = wrapper; path = Bike; sourceTree = "<group>"; };
		1ACF28652B543DA700020097 /* BikeWidgetExtension.appex */ = {isa = PBXFileReference; explicitFileType = "wrapper.app-extension"; includeInIndex = 0; path = BikeWidgetExtension.appex; sourceTree = BUILT_PRODUCTS_DIR; };
		1ACF28672B543DA700020097 /* WidgetKit.framework */ = {isa = PBXFileReference; lastKnownFileType = wrapper.framework; name = WidgetKit.framework; path = System/Library/Frameworks/WidgetKit.framework; sourceTree = SDKROOT; };
		1ACF28692B543DA700020097 /* SwiftUI.framework */ = {isa = PBXFileReference; lastKnownFileType = wrapper.framework; name = SwiftUI.framework; path = System/Library/Frameworks/SwiftUI.framework; sourceTree = SDKROOT; };
/* End PBXFileReference section */

/* Begin PBXFileSystemSynchronizedBuildFileExceptionSet section */
		1AE4D5D82CA8681600BA8BB4 /* PBXFileSystemSynchronizedBuildFileExceptionSet */ = {
			isa = PBXFileSystemSynchronizedBuildFileExceptionSet;
			membershipExceptions = (
				Info.plist,
			);
			target = 1ACF28642B543DA700020097 /* BikeWidgetExtension */;
		};
/* End PBXFileSystemSynchronizedBuildFileExceptionSet section */

/* Begin PBXFileSystemSynchronizedRootGroup section */
		1A9190542D69E7A90053A846 /* Bike Watch App */ = {isa = PBXFileSystemSynchronizedRootGroup; explicitFileTypes = {}; explicitFolders = (); path = "Bike Watch App"; sourceTree = "<group>"; };
		1AE4D5A92CA8680600BA8BB4 /* BikeApp */ = {isa = PBXFileSystemSynchronizedRootGroup; explicitFileTypes = {}; explicitFolders = (); path = BikeApp; sourceTree = "<group>"; };
		1AE4D5C92CA8681600BA8BB4 /* BikeWidget */ = {isa = PBXFileSystemSynchronizedRootGroup; exceptions = (1AE4D5D82CA8681600BA8BB4 /* PBXFileSystemSynchronizedBuildFileExceptionSet */, ); explicitFileTypes = {}; explicitFolders = (); path = BikeWidget; sourceTree = "<group>"; };
/* End PBXFileSystemSynchronizedRootGroup section */

/* Begin PBXFrameworksBuildPhase section */
		1A6EAD1A2AD56B420043E524 /* Frameworks */ = {
			isa = PBXFrameworksBuildPhase;
			buildActionMask = 2147483647;
			files = (
				1A9A072A2C0768DE0013E68D /* Bike in Frameworks */,
				1A61FCC32D32DA9D00B95AF6 /* VariableBlur in Frameworks */,
			);
			runOnlyForDeploymentPostprocessing = 0;
		};
		1A9190502D69E7A90053A846 /* Frameworks */ = {
			isa = PBXFrameworksBuildPhase;
			buildActionMask = 2147483647;
			files = (
				1A9190662D69E7EB0053A846 /* Bike in Frameworks */,
			);
			runOnlyForDeploymentPostprocessing = 0;
		};
		1ACF28622B543DA700020097 /* Frameworks */ = {
			isa = PBXFrameworksBuildPhase;
			buildActionMask = 2147483647;
			files = (
				1A9A072C2C0769360013E68D /* Bike in Frameworks */,
				1ACF286A2B543DA700020097 /* SwiftUI.framework in Frameworks */,
				1ACF28682B543DA700020097 /* WidgetKit.framework in Frameworks */,
			);
			runOnlyForDeploymentPostprocessing = 0;
		};
/* End PBXFrameworksBuildPhase section */

/* Begin PBXGroup section */
		1A6EAD142AD56B420043E524 = {
			isa = PBXGroup;
			children = (
				1A9A07282C0768C40013E68D /* Bike */,
				1AE4D5A92CA8680600BA8BB4 /* BikeApp */,
				1AE4D5C92CA8681600BA8BB4 /* BikeWidget */,
				1A9190542D69E7A90053A846 /* Bike Watch App */,
				1ACF28662B543DA700020097 /* Frameworks */,
				1A6EAD1E2AD56B420043E524 /* Products */,
			);
			sourceTree = "<group>";
		};
		1A6EAD1E2AD56B420043E524 /* Products */ = {
			isa = PBXGroup;
			children = (
				1A6EAD1D2AD56B420043E524 /* BikeApp.app */,
				1ACF28652B543DA700020097 /* BikeWidgetExtension.appex */,
				1A9190532D69E7A90053A846 /* Bike Watch App.app */,
			);
			name = Products;
			sourceTree = "<group>";
		};
		1ACF28662B543DA700020097 /* Frameworks */ = {
			isa = PBXGroup;
			children = (
				1ACF28672B543DA700020097 /* WidgetKit.framework */,
				1ACF28692B543DA700020097 /* SwiftUI.framework */,
			);
			name = Frameworks;
			sourceTree = "<group>";
		};
/* End PBXGroup section */

/* Begin PBXNativeTarget section */
		1A6EAD1C2AD56B420043E524 /* BikeApp */ = {
			isa = PBXNativeTarget;
			buildConfigurationList = 1A6EAD2C2AD56B430043E524 /* Build configuration list for PBXNativeTarget "BikeApp" */;
			buildPhases = (
				1A6EAD192AD56B420043E524 /* Sources */,
				1A6EAD1A2AD56B420043E524 /* Frameworks */,
				1A6EAD1B2AD56B420043E524 /* Resources */,
				1ACF28762B543DA900020097 /* Embed Foundation Extensions */,
				1A9190612D69E7AA0053A846 /* Embed Watch Content */,
			);
			buildRules = (
			);
			dependencies = (
				1AD6C57E2C5FD6B5009F236D /* PBXTargetDependency */,
				1ACF28742B543DA900020097 /* PBXTargetDependency */,
				1A91905F2D69E7AA0053A846 /* PBXTargetDependency */,
			);
			fileSystemSynchronizedGroups = (
				1AE4D5A92CA8680600BA8BB4 /* BikeApp */,
			);
			name = BikeApp;
			packageProductDependencies = (
				1A9A07292C0768DE0013E68D /* Bike */,
				1A61FCC22D32DA9D00B95AF6 /* VariableBlur */,
			);
			productName = Decathlon;
			productReference = 1A6EAD1D2AD56B420043E524 /* BikeApp.app */;
			productType = "com.apple.product-type.application";
		};
		1A9190522D69E7A90053A846 /* Bike Watch App */ = {
			isa = PBXNativeTarget;
			buildConfigurationList = 1A9190642D69E7AA0053A846 /* Build configuration list for PBXNativeTarget "Bike Watch App" */;
			buildPhases = (
				1A91904F2D69E7A90053A846 /* Sources */,
				1A9190502D69E7A90053A846 /* Frameworks */,
				1A9190512D69E7A90053A846 /* Resources */,
			);
			buildRules = (
			);
			dependencies = (
			);
			fileSystemSynchronizedGroups = (
				1A9190542D69E7A90053A846 /* Bike Watch App */,
			);
			name = "Bike Watch App";
			packageProductDependencies = (
				1A9190652D69E7EB0053A846 /* Bike */,
			);
			productName = "BikeWatch Watch App";
			productReference = 1A9190532D69E7A90053A846 /* Bike Watch App.app */;
			productType = "com.apple.product-type.application";
		};
		1ACF28642B543DA700020097 /* BikeWidgetExtension */ = {
			isa = PBXNativeTarget;
			buildConfigurationList = 1ACF28792B543DA900020097 /* Build configuration list for PBXNativeTarget "BikeWidgetExtension" */;
			buildPhases = (
				1ACF28612B543DA700020097 /* Sources */,
				1ACF28622B543DA700020097 /* Frameworks */,
				1ACF28632B543DA700020097 /* Resources */,
			);
			buildRules = (
			);
			dependencies = (
				1AD6C5802C5FD872009F236D /* PBXTargetDependency */,
			);
			fileSystemSynchronizedGroups = (
				1AE4D5C92CA8681600BA8BB4 /* BikeWidget */,
			);
			name = BikeWidgetExtension;
			packageProductDependencies = (
				1A9A072B2C0769360013E68D /* Bike */,
			);
			productName = BikeWidgetExtension;
			productReference = 1ACF28652B543DA700020097 /* BikeWidgetExtension.appex */;
			productType = "com.apple.product-type.app-extension";
		};
/* End PBXNativeTarget section */

/* Begin PBXProject section */
		1A6EAD152AD56B420043E524 /* Project object */ = {
			isa = PBXProject;
			attributes = {
				BuildIndependentTargetsInParallel = 1;
				LastSwiftUpdateCheck = 1620;
				LastUpgradeCheck = 1600;
				TargetAttributes = {
					1A6EAD1C2AD56B420043E524 = {
						CreatedOnToolsVersion = 15.1;
					};
					1A9190522D69E7A90053A846 = {
						CreatedOnToolsVersion = 16.2;
					};
					1ACF28642B543DA700020097 = {
						CreatedOnToolsVersion = 15.2;
					};
				};
			};
			buildConfigurationList = 1A6EAD182AD56B420043E524 /* Build configuration list for PBXProject "Bike" */;
			compatibilityVersion = "Xcode 14.0";
			developmentRegion = en;
			hasScannedForEncodings = 0;
			knownRegions = (
				en,
				Base,
				fr,
			);
			mainGroup = 1A6EAD142AD56B420043E524;
			packageReferences = (
				1AD6C57C2C5FD6AE009F236D /* XCRemoteSwiftPackageReference "SwiftLint" */,
				1A61FCC12D32DA9D00B95AF6 /* XCRemoteSwiftPackageReference "VariableBlur" */,
			);
			productRefGroup = 1A6EAD1E2AD56B420043E524 /* Products */;
			projectDirPath = "";
			projectRoot = "";
			targets = (
				1A6EAD1C2AD56B420043E524 /* BikeApp */,
				1ACF28642B543DA700020097 /* BikeWidgetExtension */,
				1A9190522D69E7A90053A846 /* Bike Watch App */,
			);
		};
/* End PBXProject section */

/* Begin PBXResourcesBuildPhase section */
		1A6EAD1B2AD56B420043E524 /* Resources */ = {
			isa = PBXResourcesBuildPhase;
			buildActionMask = 2147483647;
			files = (
			);
			runOnlyForDeploymentPostprocessing = 0;
		};
		1A9190512D69E7A90053A846 /* Resources */ = {
			isa = PBXResourcesBuildPhase;
			buildActionMask = 2147483647;
			files = (
			);
			runOnlyForDeploymentPostprocessing = 0;
		};
		1ACF28632B543DA700020097 /* Resources */ = {
			isa = PBXResourcesBuildPhase;
			buildActionMask = 2147483647;
			files = (
			);
			runOnlyForDeploymentPostprocessing = 0;
		};
/* End PBXResourcesBuildPhase section */

/* Begin PBXSourcesBuildPhase section */
		1A6EAD192AD56B420043E524 /* Sources */ = {
			isa = PBXSourcesBuildPhase;
			buildActionMask = 2147483647;
			files = (
			);
			runOnlyForDeploymentPostprocessing = 0;
		};
		1A91904F2D69E7A90053A846 /* Sources */ = {
			isa = PBXSourcesBuildPhase;
			buildActionMask = 2147483647;
			files = (
			);
			runOnlyForDeploymentPostprocessing = 0;
		};
		1ACF28612B543DA700020097 /* Sources */ = {
			isa = PBXSourcesBuildPhase;
			buildActionMask = 2147483647;
			files = (
			);
			runOnlyForDeploymentPostprocessing = 0;
		};
/* End PBXSourcesBuildPhase section */

/* Begin PBXTargetDependency section */
		1A91905F2D69E7AA0053A846 /* PBXTargetDependency */ = {
			isa = PBXTargetDependency;
			platformFilter = ios;
			target = 1A9190522D69E7A90053A846 /* Bike Watch App */;
			targetProxy = 1A91905E2D69E7AA0053A846 /* PBXContainerItemProxy */;
		};
		1ACF28742B543DA900020097 /* PBXTargetDependency */ = {
			isa = PBXTargetDependency;
			target = 1ACF28642B543DA700020097 /* BikeWidgetExtension */;
			targetProxy = 1ACF28732B543DA900020097 /* PBXContainerItemProxy */;
		};
		1AD6C57E2C5FD6B5009F236D /* PBXTargetDependency */ = {
			isa = PBXTargetDependency;
			productRef = 1AD6C57D2C5FD6B5009F236D /* SwiftLintBuildToolPlugin */;
		};
		1AD6C5802C5FD872009F236D /* PBXTargetDependency */ = {
			isa = PBXTargetDependency;
			productRef = 1AD6C57F2C5FD872009F236D /* SwiftLintBuildToolPlugin */;
		};
/* End PBXTargetDependency section */

/* Begin XCBuildConfiguration section */
		1A6EAD2A2AD56B430043E524 /* Debug */ = {
			isa = XCBuildConfiguration;
			buildSettings = {
				ALWAYS_SEARCH_USER_PATHS = NO;
				ASSETCATALOG_COMPILER_GENERATE_SWIFT_ASSET_SYMBOL_EXTENSIONS = YES;
				CLANG_ANALYZER_LOCALIZABILITY_NONLOCALIZED = YES;
				CLANG_ANALYZER_NONNULL = YES;
				CLANG_ANALYZER_NUMBER_OBJECT_CONVERSION = YES_AGGRESSIVE;
				CLANG_CXX_LANGUAGE_STANDARD = "gnu++20";
				CLANG_ENABLE_MODULES = YES;
				CLANG_ENABLE_OBJC_ARC = YES;
				CLANG_ENABLE_OBJC_WEAK = YES;
				CLANG_WARN_BLOCK_CAPTURE_AUTORELEASING = YES;
				CLANG_WARN_BOOL_CONVERSION = YES;
				CLANG_WARN_COMMA = YES;
				CLANG_WARN_CONSTANT_CONVERSION = YES;
				CLANG_WARN_DEPRECATED_OBJC_IMPLEMENTATIONS = YES;
				CLANG_WARN_DIRECT_OBJC_ISA_USAGE = YES_ERROR;
				CLANG_WARN_DOCUMENTATION_COMMENTS = YES;
				CLANG_WARN_EMPTY_BODY = YES;
				CLANG_WARN_ENUM_CONVERSION = YES;
				CLANG_WARN_INFINITE_RECURSION = YES;
				CLANG_WARN_INT_CONVERSION = YES;
				CLANG_WARN_NON_LITERAL_NULL_CONVERSION = YES;
				CLANG_WARN_OBJC_IMPLICIT_RETAIN_SELF = YES;
				CLANG_WARN_OBJC_LITERAL_CONVERSION = YES;
				CLANG_WARN_OBJC_ROOT_CLASS = YES_ERROR;
				CLANG_WARN_QUOTED_INCLUDE_IN_FRAMEWORK_HEADER = YES;
				CLANG_WARN_RANGE_LOOP_ANALYSIS = YES;
				CLANG_WARN_STRICT_PROTOTYPES = YES;
				CLANG_WARN_SUSPICIOUS_MOVE = YES;
				CLANG_WARN_UNGUARDED_AVAILABILITY = YES_AGGRESSIVE;
				CLANG_WARN_UNREACHABLE_CODE = YES;
				CLANG_WARN__DUPLICATE_METHOD_MATCH = YES;
				COPY_PHASE_STRIP = NO;
				DEAD_CODE_STRIPPING = YES;
				DEBUG_INFORMATION_FORMAT = dwarf;
				DEVELOPMENT_TEAM = 5PPY38J7P4;
				ENABLE_STRICT_OBJC_MSGSEND = YES;
				ENABLE_TESTABILITY = YES;
				ENABLE_USER_SCRIPT_SANDBOXING = YES;
				GCC_C_LANGUAGE_STANDARD = gnu17;
				GCC_DYNAMIC_NO_PIC = NO;
				GCC_NO_COMMON_BLOCKS = YES;
				GCC_OPTIMIZATION_LEVEL = 0;
				GCC_PREPROCESSOR_DEFINITIONS = (
					"DEBUG=1",
					"$(inherited)",
				);
				GCC_WARN_64_TO_32_BIT_CONVERSION = YES;
				GCC_WARN_ABOUT_RETURN_TYPE = YES_ERROR;
				GCC_WARN_UNDECLARED_SELECTOR = YES;
				GCC_WARN_UNINITIALIZED_AUTOS = YES_AGGRESSIVE;
				GCC_WARN_UNUSED_FUNCTION = YES;
				GCC_WARN_UNUSED_VARIABLE = YES;
				IPHONEOS_DEPLOYMENT_TARGET = 18.0;
				LOCALIZATION_PREFERS_STRING_CATALOGS = YES;
				MTL_ENABLE_DEBUG_INFO = INCLUDE_SOURCE;
				MTL_FAST_MATH = YES;
				ONLY_ACTIVE_ARCH = YES;
				SWIFT_ACTIVE_COMPILATION_CONDITIONS = "DEBUG $(inherited)";
				SWIFT_EMIT_LOC_STRINGS = YES;
				SWIFT_OPTIMIZATION_LEVEL = "-Onone";
				SWIFT_STRICT_CONCURRENCY = complete;
				SWIFT_VERSION = 6.0;
			};
			name = Debug;
		};
		1A6EAD2B2AD56B430043E524 /* Release */ = {
			isa = XCBuildConfiguration;
			buildSettings = {
				ALWAYS_SEARCH_USER_PATHS = NO;
				ASSETCATALOG_COMPILER_GENERATE_SWIFT_ASSET_SYMBOL_EXTENSIONS = YES;
				CLANG_ANALYZER_LOCALIZABILITY_NONLOCALIZED = YES;
				CLANG_ANALYZER_NONNULL = YES;
				CLANG_ANALYZER_NUMBER_OBJECT_CONVERSION = YES_AGGRESSIVE;
				CLANG_CXX_LANGUAGE_STANDARD = "gnu++20";
				CLANG_ENABLE_MODULES = YES;
				CLANG_ENABLE_OBJC_ARC = YES;
				CLANG_ENABLE_OBJC_WEAK = YES;
				CLANG_WARN_BLOCK_CAPTURE_AUTORELEASING = YES;
				CLANG_WARN_BOOL_CONVERSION = YES;
				CLANG_WARN_COMMA = YES;
				CLANG_WARN_CONSTANT_CONVERSION = YES;
				CLANG_WARN_DEPRECATED_OBJC_IMPLEMENTATIONS = YES;
				CLANG_WARN_DIRECT_OBJC_ISA_USAGE = YES_ERROR;
				CLANG_WARN_DOCUMENTATION_COMMENTS = YES;
				CLANG_WARN_EMPTY_BODY = YES;
				CLANG_WARN_ENUM_CONVERSION = YES;
				CLANG_WARN_INFINITE_RECURSION = YES;
				CLANG_WARN_INT_CONVERSION = YES;
				CLANG_WARN_NON_LITERAL_NULL_CONVERSION = YES;
				CLANG_WARN_OBJC_IMPLICIT_RETAIN_SELF = YES;
				CLANG_WARN_OBJC_LITERAL_CONVERSION = YES;
				CLANG_WARN_OBJC_ROOT_CLASS = YES_ERROR;
				CLANG_WARN_QUOTED_INCLUDE_IN_FRAMEWORK_HEADER = YES;
				CLANG_WARN_RANGE_LOOP_ANALYSIS = YES;
				CLANG_WARN_STRICT_PROTOTYPES = YES;
				CLANG_WARN_SUSPICIOUS_MOVE = YES;
				CLANG_WARN_UNGUARDED_AVAILABILITY = YES_AGGRESSIVE;
				CLANG_WARN_UNREACHABLE_CODE = YES;
				CLANG_WARN__DUPLICATE_METHOD_MATCH = YES;
				COPY_PHASE_STRIP = NO;
				DEAD_CODE_STRIPPING = YES;
				DEBUG_INFORMATION_FORMAT = "dwarf-with-dsym";
				DEVELOPMENT_TEAM = 5PPY38J7P4;
				ENABLE_NS_ASSERTIONS = NO;
				ENABLE_STRICT_OBJC_MSGSEND = YES;
				ENABLE_USER_SCRIPT_SANDBOXING = YES;
				GCC_C_LANGUAGE_STANDARD = gnu17;
				GCC_NO_COMMON_BLOCKS = YES;
				GCC_WARN_64_TO_32_BIT_CONVERSION = YES;
				GCC_WARN_ABOUT_RETURN_TYPE = YES_ERROR;
				GCC_WARN_UNDECLARED_SELECTOR = YES;
				GCC_WARN_UNINITIALIZED_AUTOS = YES_AGGRESSIVE;
				GCC_WARN_UNUSED_FUNCTION = YES;
				GCC_WARN_UNUSED_VARIABLE = YES;
				IPHONEOS_DEPLOYMENT_TARGET = 18.0;
				LOCALIZATION_PREFERS_STRING_CATALOGS = YES;
				MTL_ENABLE_DEBUG_INFO = NO;
				MTL_FAST_MATH = YES;
				SWIFT_COMPILATION_MODE = wholemodule;
				SWIFT_EMIT_LOC_STRINGS = YES;
				SWIFT_STRICT_CONCURRENCY = complete;
				SWIFT_VERSION = 6.0;
			};
			name = Release;
		};
		1A6EAD2D2AD56B430043E524 /* Debug */ = {
			isa = XCBuildConfiguration;
			buildSettings = {
				ASSETCATALOG_COMPILER_APPICON_NAME = AppIcon;
				ASSETCATALOG_COMPILER_GLOBAL_ACCENT_COLOR_NAME = AccentColor;
				CODE_SIGN_ENTITLEMENTS = BikeApp/BikeApp.entitlements;
				CODE_SIGN_STYLE = Automatic;
				CURRENT_PROJECT_VERSION = 1;
				DEAD_CODE_STRIPPING = YES;
				DEVELOPMENT_ASSET_PATHS = "\"BikeApp/Preview Content\"";
				ENABLE_HARDENED_RUNTIME = YES;
				ENABLE_PREVIEWS = YES;
				GENERATE_INFOPLIST_FILE = YES;
				INFOPLIST_KEY_CFBundleDisplayName = Bike;
				INFOPLIST_KEY_NSLocationWhenInUseUsageDescription = "We need your location to show where you are on the map.";
				"INFOPLIST_KEY_UIApplicationSceneManifest_Generation[sdk=iphoneos*]" = YES;
				"INFOPLIST_KEY_UIApplicationSceneManifest_Generation[sdk=iphonesimulator*]" = YES;
				"INFOPLIST_KEY_UIApplicationSupportsIndirectInputEvents[sdk=iphoneos*]" = YES;
				"INFOPLIST_KEY_UIApplicationSupportsIndirectInputEvents[sdk=iphonesimulator*]" = YES;
				"INFOPLIST_KEY_UILaunchScreen_Generation[sdk=iphoneos*]" = YES;
				"INFOPLIST_KEY_UILaunchScreen_Generation[sdk=iphonesimulator*]" = YES;
				"INFOPLIST_KEY_UIStatusBarStyle[sdk=iphoneos*]" = UIStatusBarStyleDefault;
				"INFOPLIST_KEY_UIStatusBarStyle[sdk=iphonesimulator*]" = UIStatusBarStyleDefault;
				INFOPLIST_KEY_UISupportedInterfaceOrientations_iPad = "UIInterfaceOrientationPortrait UIInterfaceOrientationPortraitUpsideDown UIInterfaceOrientationLandscapeLeft UIInterfaceOrientationLandscapeRight";
				INFOPLIST_KEY_UISupportedInterfaceOrientations_iPhone = "";
				LD_RUNPATH_SEARCH_PATHS = "@executable_path/Frameworks";
				"LD_RUNPATH_SEARCH_PATHS[sdk=macosx*]" = "@executable_path/../Frameworks";
				MARKETING_VERSION = 1.0;
				PRODUCT_BUNDLE_IDENTIFIER = tech.conneq.decathlon;
				PRODUCT_NAME = "$(TARGET_NAME)";
				SDKROOT = auto;
				SUPPORTED_PLATFORMS = "iphoneos iphonesimulator macosx";
				SWIFT_EMIT_LOC_STRINGS = YES;
				TARGETED_DEVICE_FAMILY = "1,2";
			};
			name = Debug;
		};
		1A6EAD2E2AD56B430043E524 /* Release */ = {
			isa = XCBuildConfiguration;
			buildSettings = {
				ASSETCATALOG_COMPILER_APPICON_NAME = AppIcon;
				ASSETCATALOG_COMPILER_GLOBAL_ACCENT_COLOR_NAME = AccentColor;
				CODE_SIGN_ENTITLEMENTS = BikeApp/BikeApp.entitlements;
				CODE_SIGN_STYLE = Automatic;
				CURRENT_PROJECT_VERSION = 1;
				DEAD_CODE_STRIPPING = YES;
				DEVELOPMENT_ASSET_PATHS = "\"BikeApp/Preview Content\"";
				ENABLE_HARDENED_RUNTIME = YES;
				ENABLE_PREVIEWS = YES;
				GENERATE_INFOPLIST_FILE = YES;
				INFOPLIST_KEY_CFBundleDisplayName = Bike;
				INFOPLIST_KEY_NSLocationWhenInUseUsageDescription = "We need your location to show where you are on the map.";
				"INFOPLIST_KEY_UIApplicationSceneManifest_Generation[sdk=iphoneos*]" = YES;
				"INFOPLIST_KEY_UIApplicationSceneManifest_Generation[sdk=iphonesimulator*]" = YES;
				"INFOPLIST_KEY_UIApplicationSupportsIndirectInputEvents[sdk=iphoneos*]" = YES;
				"INFOPLIST_KEY_UIApplicationSupportsIndirectInputEvents[sdk=iphonesimulator*]" = YES;
				"INFOPLIST_KEY_UILaunchScreen_Generation[sdk=iphoneos*]" = YES;
				"INFOPLIST_KEY_UILaunchScreen_Generation[sdk=iphonesimulator*]" = YES;
				"INFOPLIST_KEY_UIStatusBarStyle[sdk=iphoneos*]" = UIStatusBarStyleDefault;
				"INFOPLIST_KEY_UIStatusBarStyle[sdk=iphonesimulator*]" = UIStatusBarStyleDefault;
				INFOPLIST_KEY_UISupportedInterfaceOrientations_iPad = "UIInterfaceOrientationPortrait UIInterfaceOrientationPortraitUpsideDown UIInterfaceOrientationLandscapeLeft UIInterfaceOrientationLandscapeRight";
				INFOPLIST_KEY_UISupportedInterfaceOrientations_iPhone = "";
				LD_RUNPATH_SEARCH_PATHS = "@executable_path/Frameworks";
				"LD_RUNPATH_SEARCH_PATHS[sdk=macosx*]" = "@executable_path/../Frameworks";
				MARKETING_VERSION = 1.0;
				PRODUCT_BUNDLE_IDENTIFIER = tech.conneq.decathlon;
				PRODUCT_NAME = "$(TARGET_NAME)";
				SDKROOT = auto;
				SUPPORTED_PLATFORMS = "iphoneos iphonesimulator macosx";
				SWIFT_EMIT_LOC_STRINGS = YES;
				TARGETED_DEVICE_FAMILY = "1,2";
			};
			name = Release;
		};
		1A9190622D69E7AA0053A846 /* Debug */ = {
			isa = XCBuildConfiguration;
			buildSettings = {
				ASSETCATALOG_COMPILER_APPICON_NAME = AppIcon;
				ASSETCATALOG_COMPILER_GLOBAL_ACCENT_COLOR_NAME = AccentColor;
				CODE_SIGN_ENTITLEMENTS = "Bike Watch App/Bike Watch App.entitlements";
				CODE_SIGN_STYLE = Automatic;
				CURRENT_PROJECT_VERSION = 1;
				DEVELOPMENT_ASSET_PATHS = "\"Bike Watch App/Preview Content\"";
				ENABLE_PREVIEWS = YES;
				GENERATE_INFOPLIST_FILE = YES;
				INFOPLIST_KEY_CFBundleDisplayName = BikeWatch;
				INFOPLIST_KEY_UISupportedInterfaceOrientations = "UIInterfaceOrientationPortrait UIInterfaceOrientationPortraitUpsideDown";
				INFOPLIST_KEY_WKCompanionAppBundleIdentifier = tech.conneq.decathlon;
				LD_RUNPATH_SEARCH_PATHS = (
					"$(inherited)",
					"@executable_path/Frameworks",
				);
				MARKETING_VERSION = 1.0;
				PRODUCT_BUNDLE_IDENTIFIER = tech.conneq.decathlon.watchkitapp;
				PRODUCT_NAME = "$(TARGET_NAME)";
				SDKROOT = watchos;
				SKIP_INSTALL = YES;
				SWIFT_EMIT_LOC_STRINGS = YES;
				SWIFT_VERSION = 5.0;
				TARGETED_DEVICE_FAMILY = 4;
				WATCHOS_DEPLOYMENT_TARGET = 11.2;
			};
			name = Debug;
		};
		1A9190632D69E7AA0053A846 /* Release */ = {
			isa = XCBuildConfiguration;
			buildSettings = {
				ASSETCATALOG_COMPILER_APPICON_NAME = AppIcon;
				ASSETCATALOG_COMPILER_GLOBAL_ACCENT_COLOR_NAME = AccentColor;
				CODE_SIGN_ENTITLEMENTS = "Bike Watch App/Bike Watch App.entitlements";
				CODE_SIGN_STYLE = Automatic;
				CURRENT_PROJECT_VERSION = 1;
				DEVELOPMENT_ASSET_PATHS = "\"Bike Watch App/Preview Content\"";
				ENABLE_PREVIEWS = YES;
				GENERATE_INFOPLIST_FILE = YES;
				INFOPLIST_KEY_CFBundleDisplayName = BikeWatch;
				INFOPLIST_KEY_UISupportedInterfaceOrientations = "UIInterfaceOrientationPortrait UIInterfaceOrientationPortraitUpsideDown";
				INFOPLIST_KEY_WKCompanionAppBundleIdentifier = tech.conneq.decathlon;
				LD_RUNPATH_SEARCH_PATHS = (
					"$(inherited)",
					"@executable_path/Frameworks",
				);
				MARKETING_VERSION = 1.0;
				PRODUCT_BUNDLE_IDENTIFIER = tech.conneq.decathlon.watchkitapp;
				PRODUCT_NAME = "$(TARGET_NAME)";
				SDKROOT = watchos;
				SKIP_INSTALL = YES;
				SWIFT_EMIT_LOC_STRINGS = YES;
				SWIFT_VERSION = 5.0;
				TARGETED_DEVICE_FAMILY = 4;
				VALIDATE_PRODUCT = YES;
				WATCHOS_DEPLOYMENT_TARGET = 11.2;
			};
			name = Release;
		};
		1ACF28772B543DA900020097 /* Debug */ = {
			isa = XCBuildConfiguration;
			buildSettings = {
				ASSETCATALOG_COMPILER_GLOBAL_ACCENT_COLOR_NAME = AccentColor;
				ASSETCATALOG_COMPILER_WIDGET_BACKGROUND_COLOR_NAME = WidgetBackground;
				CODE_SIGN_ENTITLEMENTS = BikeWidget/BikeWidgetExtension.entitlements;
				CODE_SIGN_IDENTITY = "Apple Development";
				CODE_SIGN_STYLE = Automatic;
				CURRENT_PROJECT_VERSION = 1;
				DEVELOPMENT_ASSET_PATHS = "BikeWidget/Preview\\ Content";
				DEVELOPMENT_TEAM = 5PPY38J7P4;
				GENERATE_INFOPLIST_FILE = YES;
				INFOPLIST_FILE = BikeWidget/Info.plist;
				INFOPLIST_KEY_CFBundleDisplayName = BikeWidget;
				INFOPLIST_KEY_NSHumanReadableCopyright = "";
				LD_RUNPATH_SEARCH_PATHS = (
					"$(inherited)",
					"@executable_path/Frameworks",
					"@executable_path/../../Frameworks",
				);
				MARKETING_VERSION = 1.0;
				PRODUCT_BUNDLE_IDENTIFIER = tech.conneq.decathlon.BikeWidget;
				PRODUCT_NAME = "$(TARGET_NAME)";
				PROVISIONING_PROFILE_SPECIFIER = "";
				SDKROOT = iphoneos;
				SKIP_INSTALL = YES;
				SUPPORTED_PLATFORMS = "iphoneos iphonesimulator macosx";
				SUPPORTS_MACCATALYST = NO;
				SUPPORTS_MAC_DESIGNED_FOR_IPHONE_IPAD = NO;
				SUPPORTS_XR_DESIGNED_FOR_IPHONE_IPAD = NO;
				SWIFT_EMIT_LOC_STRINGS = YES;
				TARGETED_DEVICE_FAMILY = "1,2";
			};
			name = Debug;
		};
		1ACF28782B543DA900020097 /* Release */ = {
			isa = XCBuildConfiguration;
			buildSettings = {
				ASSETCATALOG_COMPILER_GLOBAL_ACCENT_COLOR_NAME = AccentColor;
				ASSETCATALOG_COMPILER_WIDGET_BACKGROUND_COLOR_NAME = WidgetBackground;
				CODE_SIGN_ENTITLEMENTS = BikeWidget/BikeWidgetExtension.entitlements;
				CODE_SIGN_IDENTITY = "Apple Development";
				CODE_SIGN_STYLE = Automatic;
				CURRENT_PROJECT_VERSION = 1;
				DEVELOPMENT_ASSET_PATHS = "BikeWidget/Preview\\ Content";
				DEVELOPMENT_TEAM = 5PPY38J7P4;
				GENERATE_INFOPLIST_FILE = YES;
				INFOPLIST_FILE = BikeWidget/Info.plist;
				INFOPLIST_KEY_CFBundleDisplayName = BikeWidget;
				INFOPLIST_KEY_NSHumanReadableCopyright = "";
				LD_RUNPATH_SEARCH_PATHS = (
					"$(inherited)",
					"@executable_path/Frameworks",
					"@executable_path/../../Frameworks",
				);
				MARKETING_VERSION = 1.0;
				PRODUCT_BUNDLE_IDENTIFIER = tech.conneq.decathlon.BikeWidget;
				PRODUCT_NAME = "$(TARGET_NAME)";
				PROVISIONING_PROFILE_SPECIFIER = "";
				SDKROOT = iphoneos;
				SKIP_INSTALL = YES;
				SUPPORTED_PLATFORMS = "iphoneos iphonesimulator macosx";
				SUPPORTS_MACCATALYST = NO;
				SUPPORTS_MAC_DESIGNED_FOR_IPHONE_IPAD = NO;
				SUPPORTS_XR_DESIGNED_FOR_IPHONE_IPAD = NO;
				SWIFT_EMIT_LOC_STRINGS = YES;
				TARGETED_DEVICE_FAMILY = "1,2";
				VALIDATE_PRODUCT = YES;
			};
			name = Release;
		};
/* End XCBuildConfiguration section */

/* Begin XCConfigurationList section */
		1A6EAD182AD56B420043E524 /* Build configuration list for PBXProject "Bike" */ = {
			isa = XCConfigurationList;
			buildConfigurations = (
				1A6EAD2A2AD56B430043E524 /* Debug */,
				1A6EAD2B2AD56B430043E524 /* Release */,
			);
			defaultConfigurationIsVisible = 0;
			defaultConfigurationName = Release;
		};
		1A6EAD2C2AD56B430043E524 /* Build configuration list for PBXNativeTarget "BikeApp" */ = {
			isa = XCConfigurationList;
			buildConfigurations = (
				1A6EAD2D2AD56B430043E524 /* Debug */,
				1A6EAD2E2AD56B430043E524 /* Release */,
			);
			defaultConfigurationIsVisible = 0;
			defaultConfigurationName = Release;
		};
		1A9190642D69E7AA0053A846 /* Build configuration list for PBXNativeTarget "Bike Watch App" */ = {
			isa = XCConfigurationList;
			buildConfigurations = (
				1A9190622D69E7AA0053A846 /* Debug */,
				1A9190632D69E7AA0053A846 /* Release */,
			);
			defaultConfigurationIsVisible = 0;
			defaultConfigurationName = Release;
		};
		1ACF28792B543DA900020097 /* Build configuration list for PBXNativeTarget "BikeWidgetExtension" */ = {
			isa = XCConfigurationList;
			buildConfigurations = (
				1ACF28772B543DA900020097 /* Debug */,
				1ACF28782B543DA900020097 /* Release */,
			);
			defaultConfigurationIsVisible = 0;
			defaultConfigurationName = Release;
		};
/* End XCConfigurationList section */

/* Begin XCRemoteSwiftPackageReference section */
		1A61FCC12D32DA9D00B95AF6 /* XCRemoteSwiftPackageReference "VariableBlur" */ = {
			isa = XCRemoteSwiftPackageReference;
			repositoryURL = "https://github.com/nikstar/VariableBlur";
			requirement = {
				kind = upToNextMajorVersion;
				minimumVersion = 1.0.0;
			};
		};
		1AD6C57C2C5FD6AE009F236D /* XCRemoteSwiftPackageReference "SwiftLint" */ = {
			isa = XCRemoteSwiftPackageReference;
			repositoryURL = "https://github.com/realm/SwiftLint";
			requirement = {
				kind = upToNextMajorVersion;
				minimumVersion = 0.55.1;
			};
		};
/* End XCRemoteSwiftPackageReference section */

/* Begin XCSwiftPackageProductDependency section */
		1A61FCC22D32DA9D00B95AF6 /* VariableBlur */ = {
			isa = XCSwiftPackageProductDependency;
			package = 1A61FCC12D32DA9D00B95AF6 /* XCRemoteSwiftPackageReference "VariableBlur" */;
			productName = VariableBlur;
		};
		1A9190652D69E7EB0053A846 /* Bike */ = {
			isa = XCSwiftPackageProductDependency;
			productName = Bike;
		};
		1A9A07292C0768DE0013E68D /* Bike */ = {
			isa = XCSwiftPackageProductDependency;
			productName = Bike;
		};
		1A9A072B2C0769360013E68D /* Bike */ = {
			isa = XCSwiftPackageProductDependency;
			productName = Bike;
		};
		1AD6C57D2C5FD6B5009F236D /* SwiftLintBuildToolPlugin */ = {
			isa = XCSwiftPackageProductDependency;
			package = 1AD6C57C2C5FD6AE009F236D /* XCRemoteSwiftPackageReference "SwiftLint" */;
			productName = "plugin:SwiftLintBuildToolPlugin";
		};
		1AD6C57F2C5FD872009F236D /* SwiftLintBuildToolPlugin */ = {
			isa = XCSwiftPackageProductDependency;
			package = 1AD6C57C2C5FD6AE009F236D /* XCRemoteSwiftPackageReference "SwiftLint" */;
			productName = "plugin:SwiftLintBuildToolPlugin";
		};
/* End XCSwiftPackageProductDependency section */
	};
	rootObject = 1A6EAD152AD56B420043E524 /* Project object */;
}
